
Microsoft Visual Studio Solution File, Format Version 12.00
# Visual Studio 14
VisualStudioVersion = 14.0.25420.1
MinimumVisualStudioVersion = 10.0.40219.1
Project("{FAE04EC0-301F-11D3-BF4B-00C04F79EFBC}") = "PegasusNAEMobile.Droid", "PegasusNAEMobile\PegasusNAEMobile.Droid\PegasusNAEMobile.Droid.csproj", "{D52CE2E1-7611-45AF-A31A-E7963EAD80A9}"
EndProject
Project("{FAE04EC0-301F-11D3-BF4B-00C04F79EFBC}") = "PegasusNAEMobile.iOS", "PegasusNAEMobile\PegasusNAEMobile.iOS\PegasusNAEMobile.iOS.csproj", "{A34071A3-2267-434A-BB40-4B1235E912E9}"
EndProject
Project("{FAE04EC0-301F-11D3-BF4B-00C04F79EFBC}") = "PegasusNAEMobile.WinPhone", "PegasusNAEMobile\PegasusNAEMobile.WinPhone\PegasusNAEMobile.WinPhone.csproj", "{84A2E024-6EAA-4A14-AC07-899B40ED7F23}"
EndProject
Project("{FAE04EC0-301F-11D3-BF4B-00C04F79EFBC}") = "PegasusNAEMobile.UWP", "PegasusNAEMobile\PegasusNAEMobile.UWP\PegasusNAEMobile.UWP.csproj", "{C3DC10FA-7ACB-4BF0-AB56-A4502F09058C}"
EndProject
Project("{FAE04EC0-301F-11D3-BF4B-00C04F79EFBC}") = "PegasusNAEMobile.Windows", "PegasusNAEMobile\PegasusNAEMobile.Windows\PegasusNAEMobile.Windows.csproj", "{0472AE6B-6592-4FEB-B6F2-1831FE8701A3}"
EndProject
Project("{FAE04EC0-301F-11D3-BF4B-00C04F79EFBC}") = "PegasusNAEMobile", "PegasusNAEMobile\PegasusNAEMobile\PegasusNAEMobile.csproj", "{5CFBC09A-6DB1-47A8-AAFC-B759218B9E86}"
EndProject
Project("{FAE04EC0-301F-11D3-BF4B-00C04F79EFBC}") = "PegasusData", "PegasusData\PegasusData.csproj", "{67F9D3A8-F71E-4428-913F-C37AE82CDB24}"
EndProject
Project("{2150E333-8FDC-42A3-9474-1A3956D46DE8}") = "Shared", "Shared", "{8BD01F0F-D5D8-470A-B63B-8F7F8FE2C417}"
EndProject
Project("{FAE04EC0-301F-11D3-BF4B-00C04F79EFBC}") = "Piraeus.ServiceModel.Protocols.Coap.Phone", "Piraeus.ServiceModel.Protocols.Coap.Phone\Piraeus.ServiceModel.Protocols.Coap.Phone.csproj", "{F4297D99-D786-4F0D-944B-77EA9E4B13A9}"
EndProject
Project("{FAE04EC0-301F-11D3-BF4B-00C04F79EFBC}") = "Piraeus.ServiceModel.Protocols.Coap.Phone.PCLTimer", "Piraeus.ServiceModel.Protocols.Coap.Phone.PCLTimer\Piraeus.ServiceModel.Protocols.Coap.Phone.PCLTimer.csproj", "{990C1D79-A460-40B9-AA26-F8790FE3BD6B}"
EndProject
Global
	GlobalSection(SolutionConfigurationPlatforms) = preSolution
		Ad-Hoc|Any CPU = Ad-Hoc|Any CPU
		Ad-Hoc|ARM = Ad-Hoc|ARM
		Ad-Hoc|iPhone = Ad-Hoc|iPhone
		Ad-Hoc|iPhoneSimulator = Ad-Hoc|iPhoneSimulator
		Ad-Hoc|x64 = Ad-Hoc|x64
		Ad-Hoc|x86 = Ad-Hoc|x86
		AppStore|Any CPU = AppStore|Any CPU
		AppStore|ARM = AppStore|ARM
		AppStore|iPhone = AppStore|iPhone
		AppStore|iPhoneSimulator = AppStore|iPhoneSimulator
		AppStore|x64 = AppStore|x64
		AppStore|x86 = AppStore|x86
		Debug|Any CPU = Debug|Any CPU
		Debug|ARM = Debug|ARM
		Debug|iPhone = Debug|iPhone
		Debug|iPhoneSimulator = Debug|iPhoneSimulator
		Debug|x64 = Debug|x64
		Debug|x86 = Debug|x86
		Release|Any CPU = Release|Any CPU
		Release|ARM = Release|ARM
		Release|iPhone = Release|iPhone
		Release|iPhoneSimulator = Release|iPhoneSimulator
		Release|x64 = Release|x64
		Release|x86 = Release|x86
	EndGlobalSection
	GlobalSection(ProjectConfigurationPlatforms) = postSolution
		{D52CE2E1-7611-45AF-A31A-E7963EAD80A9}.Ad-Hoc|Any CPU.ActiveCfg = Release|Any CPU
		{D52CE2E1-7611-45AF-A31A-E7963EAD80A9}.Ad-Hoc|Any CPU.Build.0 = Release|Any CPU
		{D52CE2E1-7611-45AF-A31A-E7963EAD80A9}.Ad-Hoc|Any CPU.Deploy.0 = Release|Any CPU
		{D52CE2E1-7611-45AF-A31A-E7963EAD80A9}.Ad-Hoc|ARM.ActiveCfg = Release|Any CPU
		{D52CE2E1-7611-45AF-A31A-E7963EAD80A9}.Ad-Hoc|ARM.Build.0 = Release|Any CPU
		{D52CE2E1-7611-45AF-A31A-E7963EAD80A9}.Ad-Hoc|ARM.Deploy.0 = Release|Any CPU
		{D52CE2E1-7611-45AF-A31A-E7963EAD80A9}.Ad-Hoc|iPhone.ActiveCfg = Release|Any CPU
		{D52CE2E1-7611-45AF-A31A-E7963EAD80A9}.Ad-Hoc|iPhone.Build.0 = Release|Any CPU
		{D52CE2E1-7611-45AF-A31A-E7963EAD80A9}.Ad-Hoc|iPhone.Deploy.0 = Release|Any CPU
		{D52CE2E1-7611-45AF-A31A-E7963EAD80A9}.Ad-Hoc|iPhoneSimulator.ActiveCfg = Release|Any CPU
		{D52CE2E1-7611-45AF-A31A-E7963EAD80A9}.Ad-Hoc|iPhoneSimulator.Build.0 = Release|Any CPU
		{D52CE2E1-7611-45AF-A31A-E7963EAD80A9}.Ad-Hoc|iPhoneSimulator.Deploy.0 = Release|Any CPU
		{D52CE2E1-7611-45AF-A31A-E7963EAD80A9}.Ad-Hoc|x64.ActiveCfg = Release|Any CPU
		{D52CE2E1-7611-45AF-A31A-E7963EAD80A9}.Ad-Hoc|x64.Build.0 = Release|Any CPU
		{D52CE2E1-7611-45AF-A31A-E7963EAD80A9}.Ad-Hoc|x64.Deploy.0 = Release|Any CPU
		{D52CE2E1-7611-45AF-A31A-E7963EAD80A9}.Ad-Hoc|x86.ActiveCfg = Release|Any CPU
		{D52CE2E1-7611-45AF-A31A-E7963EAD80A9}.Ad-Hoc|x86.Build.0 = Release|Any CPU
		{D52CE2E1-7611-45AF-A31A-E7963EAD80A9}.Ad-Hoc|x86.Deploy.0 = Release|Any CPU
		{D52CE2E1-7611-45AF-A31A-E7963EAD80A9}.AppStore|Any CPU.ActiveCfg = Release|Any CPU
		{D52CE2E1-7611-45AF-A31A-E7963EAD80A9}.AppStore|Any CPU.Build.0 = Release|Any CPU
		{D52CE2E1-7611-45AF-A31A-E7963EAD80A9}.AppStore|Any CPU.Deploy.0 = Release|Any CPU
		{D52CE2E1-7611-45AF-A31A-E7963EAD80A9}.AppStore|ARM.ActiveCfg = Release|Any CPU
		{D52CE2E1-7611-45AF-A31A-E7963EAD80A9}.AppStore|ARM.Build.0 = Release|Any CPU
		{D52CE2E1-7611-45AF-A31A-E7963EAD80A9}.AppStore|ARM.Deploy.0 = Release|Any CPU
		{D52CE2E1-7611-45AF-A31A-E7963EAD80A9}.AppStore|iPhone.ActiveCfg = Release|Any CPU
		{D52CE2E1-7611-45AF-A31A-E7963EAD80A9}.AppStore|iPhone.Build.0 = Release|Any CPU
		{D52CE2E1-7611-45AF-A31A-E7963EAD80A9}.AppStore|iPhone.Deploy.0 = Release|Any CPU
		{D52CE2E1-7611-45AF-A31A-E7963EAD80A9}.AppStore|iPhoneSimulator.ActiveCfg = Release|Any CPU
		{D52CE2E1-7611-45AF-A31A-E7963EAD80A9}.AppStore|iPhoneSimulator.Build.0 = Release|Any CPU
		{D52CE2E1-7611-45AF-A31A-E7963EAD80A9}.AppStore|iPhoneSimulator.Deploy.0 = Release|Any CPU
		{D52CE2E1-7611-45AF-A31A-E7963EAD80A9}.AppStore|x64.ActiveCfg = Release|Any CPU
		{D52CE2E1-7611-45AF-A31A-E7963EAD80A9}.AppStore|x64.Build.0 = Release|Any CPU
		{D52CE2E1-7611-45AF-A31A-E7963EAD80A9}.AppStore|x64.Deploy.0 = Release|Any CPU
		{D52CE2E1-7611-45AF-A31A-E7963EAD80A9}.AppStore|x86.ActiveCfg = Release|Any CPU
		{D52CE2E1-7611-45AF-A31A-E7963EAD80A9}.AppStore|x86.Build.0 = Release|Any CPU
		{D52CE2E1-7611-45AF-A31A-E7963EAD80A9}.AppStore|x86.Deploy.0 = Release|Any CPU
		{D52CE2E1-7611-45AF-A31A-E7963EAD80A9}.Debug|Any CPU.ActiveCfg = Debug|Any CPU
		{D52CE2E1-7611-45AF-A31A-E7963EAD80A9}.Debug|Any CPU.Build.0 = Debug|Any CPU
		{D52CE2E1-7611-45AF-A31A-E7963EAD80A9}.Debug|Any CPU.Deploy.0 = Debug|Any CPU
		{D52CE2E1-7611-45AF-A31A-E7963EAD80A9}.Debug|ARM.ActiveCfg = Debug|Any CPU
		{D52CE2E1-7611-45AF-A31A-E7963EAD80A9}.Debug|ARM.Build.0 = Debug|Any CPU
		{D52CE2E1-7611-45AF-A31A-E7963EAD80A9}.Debug|ARM.Deploy.0 = Debug|Any CPU
		{D52CE2E1-7611-45AF-A31A-E7963EAD80A9}.Debug|iPhone.ActiveCfg = Debug|Any CPU
		{D52CE2E1-7611-45AF-A31A-E7963EAD80A9}.Debug|iPhone.Build.0 = Debug|Any CPU
		{D52CE2E1-7611-45AF-A31A-E7963EAD80A9}.Debug|iPhone.Deploy.0 = Debug|Any CPU
		{D52CE2E1-7611-45AF-A31A-E7963EAD80A9}.Debug|iPhoneSimulator.ActiveCfg = Debug|Any CPU
		{D52CE2E1-7611-45AF-A31A-E7963EAD80A9}.Debug|iPhoneSimulator.Build.0 = Debug|Any CPU
		{D52CE2E1-7611-45AF-A31A-E7963EAD80A9}.Debug|iPhoneSimulator.Deploy.0 = Debug|Any CPU
		{D52CE2E1-7611-45AF-A31A-E7963EAD80A9}.Debug|x64.ActiveCfg = Debug|Any CPU
		{D52CE2E1-7611-45AF-A31A-E7963EAD80A9}.Debug|x64.Build.0 = Debug|Any CPU
		{D52CE2E1-7611-45AF-A31A-E7963EAD80A9}.Debug|x64.Deploy.0 = Debug|Any CPU
		{D52CE2E1-7611-45AF-A31A-E7963EAD80A9}.Debug|x86.ActiveCfg = Debug|Any CPU
		{D52CE2E1-7611-45AF-A31A-E7963EAD80A9}.Debug|x86.Build.0 = Debug|Any CPU
		{D52CE2E1-7611-45AF-A31A-E7963EAD80A9}.Debug|x86.Deploy.0 = Debug|Any CPU
		{D52CE2E1-7611-45AF-A31A-E7963EAD80A9}.Release|Any CPU.ActiveCfg = Release|Any CPU
		{D52CE2E1-7611-45AF-A31A-E7963EAD80A9}.Release|Any CPU.Build.0 = Release|Any CPU
		{D52CE2E1-7611-45AF-A31A-E7963EAD80A9}.Release|Any CPU.Deploy.0 = Release|Any CPU
		{D52CE2E1-7611-45AF-A31A-E7963EAD80A9}.Release|ARM.ActiveCfg = Release|Any CPU
		{D52CE2E1-7611-45AF-A31A-E7963EAD80A9}.Release|ARM.Build.0 = Release|Any CPU
		{D52CE2E1-7611-45AF-A31A-E7963EAD80A9}.Release|ARM.Deploy.0 = Release|Any CPU
		{D52CE2E1-7611-45AF-A31A-E7963EAD80A9}.Release|iPhone.ActiveCfg = Release|Any CPU
		{D52CE2E1-7611-45AF-A31A-E7963EAD80A9}.Release|iPhone.Build.0 = Release|Any CPU
		{D52CE2E1-7611-45AF-A31A-E7963EAD80A9}.Release|iPhone.Deploy.0 = Release|Any CPU
		{D52CE2E1-7611-45AF-A31A-E7963EAD80A9}.Release|iPhoneSimulator.ActiveCfg = Release|Any CPU
		{D52CE2E1-7611-45AF-A31A-E7963EAD80A9}.Release|iPhoneSimulator.Build.0 = Release|Any CPU
		{D52CE2E1-7611-45AF-A31A-E7963EAD80A9}.Release|iPhoneSimulator.Deploy.0 = Release|Any CPU
		{D52CE2E1-7611-45AF-A31A-E7963EAD80A9}.Release|x64.ActiveCfg = Release|Any CPU
		{D52CE2E1-7611-45AF-A31A-E7963EAD80A9}.Release|x64.Build.0 = Release|Any CPU
		{D52CE2E1-7611-45AF-A31A-E7963EAD80A9}.Release|x64.Deploy.0 = Release|Any CPU
		{D52CE2E1-7611-45AF-A31A-E7963EAD80A9}.Release|x86.ActiveCfg = Release|Any CPU
		{D52CE2E1-7611-45AF-A31A-E7963EAD80A9}.Release|x86.Build.0 = Release|Any CPU
		{D52CE2E1-7611-45AF-A31A-E7963EAD80A9}.Release|x86.Deploy.0 = Release|Any CPU
		{A34071A3-2267-434A-BB40-4B1235E912E9}.Ad-Hoc|Any CPU.ActiveCfg = Ad-Hoc|iPhone
		{A34071A3-2267-434A-BB40-4B1235E912E9}.Ad-Hoc|ARM.ActiveCfg = Ad-Hoc|iPhone
		{A34071A3-2267-434A-BB40-4B1235E912E9}.Ad-Hoc|iPhone.ActiveCfg = Ad-Hoc|iPhone
		{A34071A3-2267-434A-BB40-4B1235E912E9}.Ad-Hoc|iPhone.Build.0 = Ad-Hoc|iPhone
		{A34071A3-2267-434A-BB40-4B1235E912E9}.Ad-Hoc|iPhoneSimulator.ActiveCfg = Ad-Hoc|iPhoneSimulator
		{A34071A3-2267-434A-BB40-4B1235E912E9}.Ad-Hoc|iPhoneSimulator.Build.0 = Ad-Hoc|iPhoneSimulator
		{A34071A3-2267-434A-BB40-4B1235E912E9}.Ad-Hoc|x64.ActiveCfg = Ad-Hoc|iPhone
		{A34071A3-2267-434A-BB40-4B1235E912E9}.Ad-Hoc|x86.ActiveCfg = Ad-Hoc|iPhone
		{A34071A3-2267-434A-BB40-4B1235E912E9}.AppStore|Any CPU.ActiveCfg = AppStore|iPhone
		{A34071A3-2267-434A-BB40-4B1235E912E9}.AppStore|ARM.ActiveCfg = AppStore|iPhone
		{A34071A3-2267-434A-BB40-4B1235E912E9}.AppStore|iPhone.ActiveCfg = AppStore|iPhone
		{A34071A3-2267-434A-BB40-4B1235E912E9}.AppStore|iPhone.Build.0 = AppStore|iPhone
		{A34071A3-2267-434A-BB40-4B1235E912E9}.AppStore|iPhoneSimulator.ActiveCfg = AppStore|iPhoneSimulator
		{A34071A3-2267-434A-BB40-4B1235E912E9}.AppStore|iPhoneSimulator.Build.0 = AppStore|iPhoneSimulator
		{A34071A3-2267-434A-BB40-4B1235E912E9}.AppStore|x64.ActiveCfg = AppStore|iPhone
		{A34071A3-2267-434A-BB40-4B1235E912E9}.AppStore|x86.ActiveCfg = AppStore|iPhone
		{A34071A3-2267-434A-BB40-4B1235E912E9}.Debug|Any CPU.ActiveCfg = Debug|iPhone
		{A34071A3-2267-434A-BB40-4B1235E912E9}.Debug|ARM.ActiveCfg = Debug|iPhone
		{A34071A3-2267-434A-BB40-4B1235E912E9}.Debug|iPhone.ActiveCfg = Debug|iPhone
		{A34071A3-2267-434A-BB40-4B1235E912E9}.Debug|iPhone.Build.0 = Debug|iPhone
		{A34071A3-2267-434A-BB40-4B1235E912E9}.Debug|iPhoneSimulator.ActiveCfg = Debug|iPhoneSimulator
		{A34071A3-2267-434A-BB40-4B1235E912E9}.Debug|iPhoneSimulator.Build.0 = Debug|iPhoneSimulator
		{A34071A3-2267-434A-BB40-4B1235E912E9}.Debug|x64.ActiveCfg = Debug|iPhone
		{A34071A3-2267-434A-BB40-4B1235E912E9}.Debug|x86.ActiveCfg = Debug|iPhone
		{A34071A3-2267-434A-BB40-4B1235E912E9}.Release|Any CPU.ActiveCfg = Release|iPhone
		{A34071A3-2267-434A-BB40-4B1235E912E9}.Release|ARM.ActiveCfg = Release|iPhone
		{A34071A3-2267-434A-BB40-4B1235E912E9}.Release|iPhone.ActiveCfg = Release|iPhone
		{A34071A3-2267-434A-BB40-4B1235E912E9}.Release|iPhone.Build.0 = Release|iPhone
		{A34071A3-2267-434A-BB40-4B1235E912E9}.Release|iPhoneSimulator.ActiveCfg = Release|iPhoneSimulator
		{A34071A3-2267-434A-BB40-4B1235E912E9}.Release|iPhoneSimulator.Build.0 = Release|iPhoneSimulator
		{A34071A3-2267-434A-BB40-4B1235E912E9}.Release|x64.ActiveCfg = Release|iPhone
		{A34071A3-2267-434A-BB40-4B1235E912E9}.Release|x86.ActiveCfg = Release|iPhone
		{84A2E024-6EAA-4A14-AC07-899B40ED7F23}.Ad-Hoc|Any CPU.ActiveCfg = Release|Any CPU
		{84A2E024-6EAA-4A14-AC07-899B40ED7F23}.Ad-Hoc|Any CPU.Build.0 = Release|Any CPU
		{84A2E024-6EAA-4A14-AC07-899B40ED7F23}.Ad-Hoc|Any CPU.Deploy.0 = Release|Any CPU
		{84A2E024-6EAA-4A14-AC07-899B40ED7F23}.Ad-Hoc|ARM.ActiveCfg = Release|ARM
		{84A2E024-6EAA-4A14-AC07-899B40ED7F23}.Ad-Hoc|ARM.Build.0 = Release|ARM
		{84A2E024-6EAA-4A14-AC07-899B40ED7F23}.Ad-Hoc|ARM.Deploy.0 = Release|ARM
		{84A2E024-6EAA-4A14-AC07-899B40ED7F23}.Ad-Hoc|iPhone.ActiveCfg = Release|Any CPU
		{84A2E024-6EAA-4A14-AC07-899B40ED7F23}.Ad-Hoc|iPhone.Build.0 = Release|Any CPU
		{84A2E024-6EAA-4A14-AC07-899B40ED7F23}.Ad-Hoc|iPhone.Deploy.0 = Release|Any CPU
		{84A2E024-6EAA-4A14-AC07-899B40ED7F23}.Ad-Hoc|iPhoneSimulator.ActiveCfg = Release|Any CPU
		{84A2E024-6EAA-4A14-AC07-899B40ED7F23}.Ad-Hoc|iPhoneSimulator.Build.0 = Release|Any CPU
		{84A2E024-6EAA-4A14-AC07-899B40ED7F23}.Ad-Hoc|iPhoneSimulator.Deploy.0 = Release|Any CPU
		{84A2E024-6EAA-4A14-AC07-899B40ED7F23}.Ad-Hoc|x64.ActiveCfg = Release|Any CPU
		{84A2E024-6EAA-4A14-AC07-899B40ED7F23}.Ad-Hoc|x64.Build.0 = Release|Any CPU
		{84A2E024-6EAA-4A14-AC07-899B40ED7F23}.Ad-Hoc|x64.Deploy.0 = Release|Any CPU
		{84A2E024-6EAA-4A14-AC07-899B40ED7F23}.Ad-Hoc|x86.ActiveCfg = Release|x86
		{84A2E024-6EAA-4A14-AC07-899B40ED7F23}.Ad-Hoc|x86.Build.0 = Release|x86
		{84A2E024-6EAA-4A14-AC07-899B40ED7F23}.Ad-Hoc|x86.Deploy.0 = Release|x86
		{84A2E024-6EAA-4A14-AC07-899B40ED7F23}.AppStore|Any CPU.ActiveCfg = Release|Any CPU
		{84A2E024-6EAA-4A14-AC07-899B40ED7F23}.AppStore|Any CPU.Build.0 = Release|Any CPU
		{84A2E024-6EAA-4A14-AC07-899B40ED7F23}.AppStore|Any CPU.Deploy.0 = Release|Any CPU
		{84A2E024-6EAA-4A14-AC07-899B40ED7F23}.AppStore|ARM.ActiveCfg = Release|ARM
		{84A2E024-6EAA-4A14-AC07-899B40ED7F23}.AppStore|ARM.Build.0 = Release|ARM
		{84A2E024-6EAA-4A14-AC07-899B40ED7F23}.AppStore|ARM.Deploy.0 = Release|ARM
		{84A2E024-6EAA-4A14-AC07-899B40ED7F23}.AppStore|iPhone.ActiveCfg = Release|Any CPU
		{84A2E024-6EAA-4A14-AC07-899B40ED7F23}.AppStore|iPhone.Build.0 = Release|Any CPU
		{84A2E024-6EAA-4A14-AC07-899B40ED7F23}.AppStore|iPhone.Deploy.0 = Release|Any CPU
		{84A2E024-6EAA-4A14-AC07-899B40ED7F23}.AppStore|iPhoneSimulator.ActiveCfg = Release|Any CPU
		{84A2E024-6EAA-4A14-AC07-899B40ED7F23}.AppStore|iPhoneSimulator.Build.0 = Release|Any CPU
		{84A2E024-6EAA-4A14-AC07-899B40ED7F23}.AppStore|iPhoneSimulator.Deploy.0 = Release|Any CPU
		{84A2E024-6EAA-4A14-AC07-899B40ED7F23}.AppStore|x64.ActiveCfg = Release|Any CPU
		{84A2E024-6EAA-4A14-AC07-899B40ED7F23}.AppStore|x64.Build.0 = Release|Any CPU
		{84A2E024-6EAA-4A14-AC07-899B40ED7F23}.AppStore|x64.Deploy.0 = Release|Any CPU
		{84A2E024-6EAA-4A14-AC07-899B40ED7F23}.AppStore|x86.ActiveCfg = Release|x86
		{84A2E024-6EAA-4A14-AC07-899B40ED7F23}.AppStore|x86.Build.0 = Release|x86
		{84A2E024-6EAA-4A14-AC07-899B40ED7F23}.AppStore|x86.Deploy.0 = Release|x86
		{84A2E024-6EAA-4A14-AC07-899B40ED7F23}.Debug|Any CPU.ActiveCfg = Debug|Any CPU
		{84A2E024-6EAA-4A14-AC07-899B40ED7F23}.Debug|Any CPU.Build.0 = Debug|Any CPU
		{84A2E024-6EAA-4A14-AC07-899B40ED7F23}.Debug|Any CPU.Deploy.0 = Debug|Any CPU
		{84A2E024-6EAA-4A14-AC07-899B40ED7F23}.Debug|ARM.ActiveCfg = Debug|ARM
		{84A2E024-6EAA-4A14-AC07-899B40ED7F23}.Debug|ARM.Build.0 = Debug|ARM
		{84A2E024-6EAA-4A14-AC07-899B40ED7F23}.Debug|ARM.Deploy.0 = Debug|ARM
		{84A2E024-6EAA-4A14-AC07-899B40ED7F23}.Debug|iPhone.ActiveCfg = Debug|Any CPU
		{84A2E024-6EAA-4A14-AC07-899B40ED7F23}.Debug|iPhone.Build.0 = Debug|Any CPU
		{84A2E024-6EAA-4A14-AC07-899B40ED7F23}.Debug|iPhone.Deploy.0 = Debug|Any CPU
		{84A2E024-6EAA-4A14-AC07-899B40ED7F23}.Debug|iPhoneSimulator.ActiveCfg = Debug|Any CPU
		{84A2E024-6EAA-4A14-AC07-899B40ED7F23}.Debug|iPhoneSimulator.Build.0 = Debug|Any CPU
		{84A2E024-6EAA-4A14-AC07-899B40ED7F23}.Debug|iPhoneSimulator.Deploy.0 = Debug|Any CPU
		{84A2E024-6EAA-4A14-AC07-899B40ED7F23}.Debug|x64.ActiveCfg = Debug|Any CPU
		{84A2E024-6EAA-4A14-AC07-899B40ED7F23}.Debug|x64.Build.0 = Debug|Any CPU
		{84A2E024-6EAA-4A14-AC07-899B40ED7F23}.Debug|x64.Deploy.0 = Debug|Any CPU
		{84A2E024-6EAA-4A14-AC07-899B40ED7F23}.Debug|x86.ActiveCfg = Debug|x86
		{84A2E024-6EAA-4A14-AC07-899B40ED7F23}.Debug|x86.Build.0 = Debug|x86
		{84A2E024-6EAA-4A14-AC07-899B40ED7F23}.Debug|x86.Deploy.0 = Debug|x86
		{84A2E024-6EAA-4A14-AC07-899B40ED7F23}.Release|Any CPU.ActiveCfg = Release|Any CPU
		{84A2E024-6EAA-4A14-AC07-899B40ED7F23}.Release|Any CPU.Build.0 = Release|Any CPU
		{84A2E024-6EAA-4A14-AC07-899B40ED7F23}.Release|Any CPU.Deploy.0 = Release|Any CPU
		{84A2E024-6EAA-4A14-AC07-899B40ED7F23}.Release|ARM.ActiveCfg = Release|ARM
		{84A2E024-6EAA-4A14-AC07-899B40ED7F23}.Release|ARM.Build.0 = Release|ARM
		{84A2E024-6EAA-4A14-AC07-899B40ED7F23}.Release|ARM.Deploy.0 = Release|ARM
		{84A2E024-6EAA-4A14-AC07-899B40ED7F23}.Release|iPhone.ActiveCfg = Release|Any CPU
		{84A2E024-6EAA-4A14-AC07-899B40ED7F23}.Release|iPhone.Build.0 = Release|Any CPU
		{84A2E024-6EAA-4A14-AC07-899B40ED7F23}.Release|iPhone.Deploy.0 = Release|Any CPU
		{84A2E024-6EAA-4A14-AC07-899B40ED7F23}.Release|iPhoneSimulator.ActiveCfg = Release|Any CPU
		{84A2E024-6EAA-4A14-AC07-899B40ED7F23}.Release|iPhoneSimulator.Build.0 = Release|Any CPU
		{84A2E024-6EAA-4A14-AC07-899B40ED7F23}.Release|iPhoneSimulator.Deploy.0 = Release|Any CPU
		{84A2E024-6EAA-4A14-AC07-899B40ED7F23}.Release|x64.ActiveCfg = Release|Any CPU
		{84A2E024-6EAA-4A14-AC07-899B40ED7F23}.Release|x64.Build.0 = Release|Any CPU
		{84A2E024-6EAA-4A14-AC07-899B40ED7F23}.Release|x64.Deploy.0 = Release|Any CPU
		{84A2E024-6EAA-4A14-AC07-899B40ED7F23}.Release|x86.ActiveCfg = Release|x86
		{84A2E024-6EAA-4A14-AC07-899B40ED7F23}.Release|x86.Build.0 = Release|x86
		{84A2E024-6EAA-4A14-AC07-899B40ED7F23}.Release|x86.Deploy.0 = Release|x86
		{C3DC10FA-7ACB-4BF0-AB56-A4502F09058C}.Ad-Hoc|Any CPU.ActiveCfg = Release|x86
		{C3DC10FA-7ACB-4BF0-AB56-A4502F09058C}.Ad-Hoc|Any CPU.Build.0 = Release|x86
		{C3DC10FA-7ACB-4BF0-AB56-A4502F09058C}.Ad-Hoc|Any CPU.Deploy.0 = Release|x86
		{C3DC10FA-7ACB-4BF0-AB56-A4502F09058C}.Ad-Hoc|ARM.ActiveCfg = Release|ARM
		{C3DC10FA-7ACB-4BF0-AB56-A4502F09058C}.Ad-Hoc|ARM.Build.0 = Release|ARM
		{C3DC10FA-7ACB-4BF0-AB56-A4502F09058C}.Ad-Hoc|ARM.Deploy.0 = Release|ARM
		{C3DC10FA-7ACB-4BF0-AB56-A4502F09058C}.Ad-Hoc|iPhone.ActiveCfg = Release|x86
		{C3DC10FA-7ACB-4BF0-AB56-A4502F09058C}.Ad-Hoc|iPhone.Build.0 = Release|x86
		{C3DC10FA-7ACB-4BF0-AB56-A4502F09058C}.Ad-Hoc|iPhone.Deploy.0 = Release|x86
		{C3DC10FA-7ACB-4BF0-AB56-A4502F09058C}.Ad-Hoc|iPhoneSimulator.ActiveCfg = Release|x86
		{C3DC10FA-7ACB-4BF0-AB56-A4502F09058C}.Ad-Hoc|iPhoneSimulator.Build.0 = Release|x86
		{C3DC10FA-7ACB-4BF0-AB56-A4502F09058C}.Ad-Hoc|iPhoneSimulator.Deploy.0 = Release|x86
		{C3DC10FA-7ACB-4BF0-AB56-A4502F09058C}.Ad-Hoc|x64.ActiveCfg = Release|x64
		{C3DC10FA-7ACB-4BF0-AB56-A4502F09058C}.Ad-Hoc|x64.Build.0 = Release|x64
		{C3DC10FA-7ACB-4BF0-AB56-A4502F09058C}.Ad-Hoc|x64.Deploy.0 = Release|x64
		{C3DC10FA-7ACB-4BF0-AB56-A4502F09058C}.Ad-Hoc|x86.ActiveCfg = Release|x86
		{C3DC10FA-7ACB-4BF0-AB56-A4502F09058C}.Ad-Hoc|x86.Build.0 = Release|x86
		{C3DC10FA-7ACB-4BF0-AB56-A4502F09058C}.Ad-Hoc|x86.Deploy.0 = Release|x86
		{C3DC10FA-7ACB-4BF0-AB56-A4502F09058C}.AppStore|Any CPU.ActiveCfg = Release|x86
		{C3DC10FA-7ACB-4BF0-AB56-A4502F09058C}.AppStore|Any CPU.Build.0 = Release|x86
		{C3DC10FA-7ACB-4BF0-AB56-A4502F09058C}.AppStore|Any CPU.Deploy.0 = Release|x86
		{C3DC10FA-7ACB-4BF0-AB56-A4502F09058C}.AppStore|ARM.ActiveCfg = Release|ARM
		{C3DC10FA-7ACB-4BF0-AB56-A4502F09058C}.AppStore|ARM.Build.0 = Release|ARM
		{C3DC10FA-7ACB-4BF0-AB56-A4502F09058C}.AppStore|ARM.Deploy.0 = Release|ARM
		{C3DC10FA-7ACB-4BF0-AB56-A4502F09058C}.AppStore|iPhone.ActiveCfg = Release|x86
		{C3DC10FA-7ACB-4BF0-AB56-A4502F09058C}.AppStore|iPhone.Build.0 = Release|x86
		{C3DC10FA-7ACB-4BF0-AB56-A4502F09058C}.AppStore|iPhone.Deploy.0 = Release|x86
		{C3DC10FA-7ACB-4BF0-AB56-A4502F09058C}.AppStore|iPhoneSimulator.ActiveCfg = Release|x86
		{C3DC10FA-7ACB-4BF0-AB56-A4502F09058C}.AppStore|iPhoneSimulator.Build.0 = Release|x86
		{C3DC10FA-7ACB-4BF0-AB56-A4502F09058C}.AppStore|iPhoneSimulator.Deploy.0 = Release|x86
		{C3DC10FA-7ACB-4BF0-AB56-A4502F09058C}.AppStore|x64.ActiveCfg = Release|x64
		{C3DC10FA-7ACB-4BF0-AB56-A4502F09058C}.AppStore|x64.Build.0 = Release|x64
		{C3DC10FA-7ACB-4BF0-AB56-A4502F09058C}.AppStore|x64.Deploy.0 = Release|x64
		{C3DC10FA-7ACB-4BF0-AB56-A4502F09058C}.AppStore|x86.ActiveCfg = Release|x86
		{C3DC10FA-7ACB-4BF0-AB56-A4502F09058C}.AppStore|x86.Build.0 = Release|x86
		{C3DC10FA-7ACB-4BF0-AB56-A4502F09058C}.AppStore|x86.Deploy.0 = Release|x86
		{C3DC10FA-7ACB-4BF0-AB56-A4502F09058C}.Debug|Any CPU.ActiveCfg = Debug|x86
		{C3DC10FA-7ACB-4BF0-AB56-A4502F09058C}.Debug|ARM.ActiveCfg = Debug|ARM
		{C3DC10FA-7ACB-4BF0-AB56-A4502F09058C}.Debug|ARM.Build.0 = Debug|ARM
		{C3DC10FA-7ACB-4BF0-AB56-A4502F09058C}.Debug|ARM.Deploy.0 = Debug|ARM
		{C3DC10FA-7ACB-4BF0-AB56-A4502F09058C}.Debug|iPhone.ActiveCfg = Debug|x86
		{C3DC10FA-7ACB-4BF0-AB56-A4502F09058C}.Debug|iPhoneSimulator.ActiveCfg = Debug|x86
		{C3DC10FA-7ACB-4BF0-AB56-A4502F09058C}.Debug|x64.ActiveCfg = Debug|x64
		{C3DC10FA-7ACB-4BF0-AB56-A4502F09058C}.Debug|x64.Build.0 = Debug|x64
		{C3DC10FA-7ACB-4BF0-AB56-A4502F09058C}.Debug|x64.Deploy.0 = Debug|x64
		{C3DC10FA-7ACB-4BF0-AB56-A4502F09058C}.Debug|x86.ActiveCfg = Debug|x86
		{C3DC10FA-7ACB-4BF0-AB56-A4502F09058C}.Debug|x86.Build.0 = Debug|x86
		{C3DC10FA-7ACB-4BF0-AB56-A4502F09058C}.Debug|x86.Deploy.0 = Debug|x86
		{C3DC10FA-7ACB-4BF0-AB56-A4502F09058C}.Release|Any CPU.ActiveCfg = Release|x86
		{C3DC10FA-7ACB-4BF0-AB56-A4502F09058C}.Release|ARM.ActiveCfg = Release|ARM
		{C3DC10FA-7ACB-4BF0-AB56-A4502F09058C}.Release|ARM.Build.0 = Release|ARM
		{C3DC10FA-7ACB-4BF0-AB56-A4502F09058C}.Release|ARM.Deploy.0 = Release|ARM
		{C3DC10FA-7ACB-4BF0-AB56-A4502F09058C}.Release|iPhone.ActiveCfg = Release|x86
		{C3DC10FA-7ACB-4BF0-AB56-A4502F09058C}.Release|iPhoneSimulator.ActiveCfg = Release|x86
		{C3DC10FA-7ACB-4BF0-AB56-A4502F09058C}.Release|x64.ActiveCfg = Release|x64
		{C3DC10FA-7ACB-4BF0-AB56-A4502F09058C}.Release|x64.Build.0 = Release|x64
		{C3DC10FA-7ACB-4BF0-AB56-A4502F09058C}.Release|x64.Deploy.0 = Release|x64
		{C3DC10FA-7ACB-4BF0-AB56-A4502F09058C}.Release|x86.ActiveCfg = Release|x86
		{C3DC10FA-7ACB-4BF0-AB56-A4502F09058C}.Release|x86.Build.0 = Release|x86
		{C3DC10FA-7ACB-4BF0-AB56-A4502F09058C}.Release|x86.Deploy.0 = Release|x86
		{0472AE6B-6592-4FEB-B6F2-1831FE8701A3}.Ad-Hoc|Any CPU.ActiveCfg = Release|Any CPU
		{0472AE6B-6592-4FEB-B6F2-1831FE8701A3}.Ad-Hoc|Any CPU.Build.0 = Release|Any CPU
		{0472AE6B-6592-4FEB-B6F2-1831FE8701A3}.Ad-Hoc|Any CPU.Deploy.0 = Release|Any CPU
		{0472AE6B-6592-4FEB-B6F2-1831FE8701A3}.Ad-Hoc|ARM.ActiveCfg = Release|ARM
		{0472AE6B-6592-4FEB-B6F2-1831FE8701A3}.Ad-Hoc|ARM.Build.0 = Release|ARM
		{0472AE6B-6592-4FEB-B6F2-1831FE8701A3}.Ad-Hoc|ARM.Deploy.0 = Release|ARM
		{0472AE6B-6592-4FEB-B6F2-1831FE8701A3}.Ad-Hoc|iPhone.ActiveCfg = Release|Any CPU
		{0472AE6B-6592-4FEB-B6F2-1831FE8701A3}.Ad-Hoc|iPhone.Build.0 = Release|Any CPU
		{0472AE6B-6592-4FEB-B6F2-1831FE8701A3}.Ad-Hoc|iPhone.Deploy.0 = Release|Any CPU
		{0472AE6B-6592-4FEB-B6F2-1831FE8701A3}.Ad-Hoc|iPhoneSimulator.ActiveCfg = Release|Any CPU
		{0472AE6B-6592-4FEB-B6F2-1831FE8701A3}.Ad-Hoc|iPhoneSimulator.Build.0 = Release|Any CPU
		{0472AE6B-6592-4FEB-B6F2-1831FE8701A3}.Ad-Hoc|iPhoneSimulator.Deploy.0 = Release|Any CPU
		{0472AE6B-6592-4FEB-B6F2-1831FE8701A3}.Ad-Hoc|x64.ActiveCfg = Release|x64
		{0472AE6B-6592-4FEB-B6F2-1831FE8701A3}.Ad-Hoc|x64.Build.0 = Release|x64
		{0472AE6B-6592-4FEB-B6F2-1831FE8701A3}.Ad-Hoc|x64.Deploy.0 = Release|x64
		{0472AE6B-6592-4FEB-B6F2-1831FE8701A3}.Ad-Hoc|x86.ActiveCfg = Release|x86
		{0472AE6B-6592-4FEB-B6F2-1831FE8701A3}.Ad-Hoc|x86.Build.0 = Release|x86
		{0472AE6B-6592-4FEB-B6F2-1831FE8701A3}.Ad-Hoc|x86.Deploy.0 = Release|x86
		{0472AE6B-6592-4FEB-B6F2-1831FE8701A3}.AppStore|Any CPU.ActiveCfg = Release|Any CPU
		{0472AE6B-6592-4FEB-B6F2-1831FE8701A3}.AppStore|Any CPU.Build.0 = Release|Any CPU
		{0472AE6B-6592-4FEB-B6F2-1831FE8701A3}.AppStore|Any CPU.Deploy.0 = Release|Any CPU
		{0472AE6B-6592-4FEB-B6F2-1831FE8701A3}.AppStore|ARM.ActiveCfg = Release|ARM
		{0472AE6B-6592-4FEB-B6F2-1831FE8701A3}.AppStore|ARM.Build.0 = Release|ARM
		{0472AE6B-6592-4FEB-B6F2-1831FE8701A3}.AppStore|ARM.Deploy.0 = Release|ARM
		{0472AE6B-6592-4FEB-B6F2-1831FE8701A3}.AppStore|iPhone.ActiveCfg = Release|Any CPU
		{0472AE6B-6592-4FEB-B6F2-1831FE8701A3}.AppStore|iPhone.Build.0 = Release|Any CPU
		{0472AE6B-6592-4FEB-B6F2-1831FE8701A3}.AppStore|iPhone.Deploy.0 = Release|Any CPU
		{0472AE6B-6592-4FEB-B6F2-1831FE8701A3}.AppStore|iPhoneSimulator.ActiveCfg = Release|Any CPU
		{0472AE6B-6592-4FEB-B6F2-1831FE8701A3}.AppStore|iPhoneSimulator.Build.0 = Release|Any CPU
		{0472AE6B-6592-4FEB-B6F2-1831FE8701A3}.AppStore|iPhoneSimulator.Deploy.0 = Release|Any CPU
		{0472AE6B-6592-4FEB-B6F2-1831FE8701A3}.AppStore|x64.ActiveCfg = Release|x64
		{0472AE6B-6592-4FEB-B6F2-1831FE8701A3}.AppStore|x64.Build.0 = Release|x64
		{0472AE6B-6592-4FEB-B6F2-1831FE8701A3}.AppStore|x64.Deploy.0 = Release|x64
		{0472AE6B-6592-4FEB-B6F2-1831FE8701A3}.AppStore|x86.ActiveCfg = Release|x86
		{0472AE6B-6592-4FEB-B6F2-1831FE8701A3}.AppStore|x86.Build.0 = Release|x86
		{0472AE6B-6592-4FEB-B6F2-1831FE8701A3}.AppStore|x86.Deploy.0 = Release|x86
		{0472AE6B-6592-4FEB-B6F2-1831FE8701A3}.Debug|Any CPU.ActiveCfg = Debug|Any CPU
		{0472AE6B-6592-4FEB-B6F2-1831FE8701A3}.Debug|Any CPU.Build.0 = Debug|Any CPU
		{0472AE6B-6592-4FEB-B6F2-1831FE8701A3}.Debug|Any CPU.Deploy.0 = Debug|Any CPU
		{0472AE6B-6592-4FEB-B6F2-1831FE8701A3}.Debug|ARM.ActiveCfg = Debug|ARM
		{0472AE6B-6592-4FEB-B6F2-1831FE8701A3}.Debug|ARM.Build.0 = Debug|ARM
		{0472AE6B-6592-4FEB-B6F2-1831FE8701A3}.Debug|ARM.Deploy.0 = Debug|ARM
		{0472AE6B-6592-4FEB-B6F2-1831FE8701A3}.Debug|iPhone.ActiveCfg = Debug|Any CPU
		{0472AE6B-6592-4FEB-B6F2-1831FE8701A3}.Debug|iPhone.Build.0 = Debug|Any CPU
		{0472AE6B-6592-4FEB-B6F2-1831FE8701A3}.Debug|iPhone.Deploy.0 = Debug|Any CPU
		{0472AE6B-6592-4FEB-B6F2-1831FE8701A3}.Debug|iPhoneSimulator.ActiveCfg = Debug|Any CPU
		{0472AE6B-6592-4FEB-B6F2-1831FE8701A3}.Debug|iPhoneSimulator.Build.0 = Debug|Any CPU
		{0472AE6B-6592-4FEB-B6F2-1831FE8701A3}.Debug|iPhoneSimulator.Deploy.0 = Debug|Any CPU
		{0472AE6B-6592-4FEB-B6F2-1831FE8701A3}.Debug|x64.ActiveCfg = Debug|x64
		{0472AE6B-6592-4FEB-B6F2-1831FE8701A3}.Debug|x64.Build.0 = Debug|x64
		{0472AE6B-6592-4FEB-B6F2-1831FE8701A3}.Debug|x64.Deploy.0 = Debug|x64
		{0472AE6B-6592-4FEB-B6F2-1831FE8701A3}.Debug|x86.ActiveCfg = Debug|x86
		{0472AE6B-6592-4FEB-B6F2-1831FE8701A3}.Debug|x86.Build.0 = Debug|x86
		{0472AE6B-6592-4FEB-B6F2-1831FE8701A3}.Debug|x86.Deploy.0 = Debug|x86
		{0472AE6B-6592-4FEB-B6F2-1831FE8701A3}.Release|Any CPU.ActiveCfg = Release|Any CPU
		{0472AE6B-6592-4FEB-B6F2-1831FE8701A3}.Release|Any CPU.Build.0 = Release|Any CPU
		{0472AE6B-6592-4FEB-B6F2-1831FE8701A3}.Release|Any CPU.Deploy.0 = Release|Any CPU
		{0472AE6B-6592-4FEB-B6F2-1831FE8701A3}.Release|ARM.ActiveCfg = Release|ARM
		{0472AE6B-6592-4FEB-B6F2-1831FE8701A3}.Release|ARM.Build.0 = Release|ARM
		{0472AE6B-6592-4FEB-B6F2-1831FE8701A3}.Release|ARM.Deploy.0 = Release|ARM
		{0472AE6B-6592-4FEB-B6F2-1831FE8701A3}.Release|iPhone.ActiveCfg = Release|Any CPU
		{0472AE6B-6592-4FEB-B6F2-1831FE8701A3}.Release|iPhone.Build.0 = Release|Any CPU
		{0472AE6B-6592-4FEB-B6F2-1831FE8701A3}.Release|iPhone.Deploy.0 = Release|Any CPU
		{0472AE6B-6592-4FEB-B6F2-1831FE8701A3}.Release|iPhoneSimulator.ActiveCfg = Release|Any CPU
		{0472AE6B-6592-4FEB-B6F2-1831FE8701A3}.Release|iPhoneSimulator.Build.0 = Release|Any CPU
		{0472AE6B-6592-4FEB-B6F2-1831FE8701A3}.Release|iPhoneSimulator.Deploy.0 = Release|Any CPU
		{0472AE6B-6592-4FEB-B6F2-1831FE8701A3}.Release|x64.ActiveCfg = Release|x64
		{0472AE6B-6592-4FEB-B6F2-1831FE8701A3}.Release|x64.Build.0 = Release|x64
		{0472AE6B-6592-4FEB-B6F2-1831FE8701A3}.Release|x64.Deploy.0 = Release|x64
		{0472AE6B-6592-4FEB-B6F2-1831FE8701A3}.Release|x86.ActiveCfg = Release|x86
		{0472AE6B-6592-4FEB-B6F2-1831FE8701A3}.Release|x86.Build.0 = Release|x86
		{0472AE6B-6592-4FEB-B6F2-1831FE8701A3}.Release|x86.Deploy.0 = Release|x86
		{5CFBC09A-6DB1-47A8-AAFC-B759218B9E86}.Ad-Hoc|Any CPU.ActiveCfg = Release|Any CPU
		{5CFBC09A-6DB1-47A8-AAFC-B759218B9E86}.Ad-Hoc|Any CPU.Build.0 = Release|Any CPU
		{5CFBC09A-6DB1-47A8-AAFC-B759218B9E86}.Ad-Hoc|ARM.ActiveCfg = Release|Any CPU
		{5CFBC09A-6DB1-47A8-AAFC-B759218B9E86}.Ad-Hoc|ARM.Build.0 = Release|Any CPU
		{5CFBC09A-6DB1-47A8-AAFC-B759218B9E86}.Ad-Hoc|iPhone.ActiveCfg = Release|Any CPU
		{5CFBC09A-6DB1-47A8-AAFC-B759218B9E86}.Ad-Hoc|iPhone.Build.0 = Release|Any CPU
		{5CFBC09A-6DB1-47A8-AAFC-B759218B9E86}.Ad-Hoc|iPhoneSimulator.ActiveCfg = Release|Any CPU
		{5CFBC09A-6DB1-47A8-AAFC-B759218B9E86}.Ad-Hoc|iPhoneSimulator.Build.0 = Release|Any CPU
		{5CFBC09A-6DB1-47A8-AAFC-B759218B9E86}.Ad-Hoc|x64.ActiveCfg = Release|Any CPU
		{5CFBC09A-6DB1-47A8-AAFC-B759218B9E86}.Ad-Hoc|x64.Build.0 = Release|Any CPU
		{5CFBC09A-6DB1-47A8-AAFC-B759218B9E86}.Ad-Hoc|x86.ActiveCfg = Release|Any CPU
		{5CFBC09A-6DB1-47A8-AAFC-B759218B9E86}.Ad-Hoc|x86.Build.0 = Release|Any CPU
		{5CFBC09A-6DB1-47A8-AAFC-B759218B9E86}.AppStore|Any CPU.ActiveCfg = Release|Any CPU
		{5CFBC09A-6DB1-47A8-AAFC-B759218B9E86}.AppStore|Any CPU.Build.0 = Release|Any CPU
		{5CFBC09A-6DB1-47A8-AAFC-B759218B9E86}.AppStore|ARM.ActiveCfg = Release|Any CPU
		{5CFBC09A-6DB1-47A8-AAFC-B759218B9E86}.AppStore|ARM.Build.0 = Release|Any CPU
		{5CFBC09A-6DB1-47A8-AAFC-B759218B9E86}.AppStore|iPhone.ActiveCfg = Release|Any CPU
		{5CFBC09A-6DB1-47A8-AAFC-B759218B9E86}.AppStore|iPhone.Build.0 = Release|Any CPU
		{5CFBC09A-6DB1-47A8-AAFC-B759218B9E86}.AppStore|iPhoneSimulator.ActiveCfg = Release|Any CPU
		{5CFBC09A-6DB1-47A8-AAFC-B759218B9E86}.AppStore|iPhoneSimulator.Build.0 = Release|Any CPU
		{5CFBC09A-6DB1-47A8-AAFC-B759218B9E86}.AppStore|x64.ActiveCfg = Release|Any CPU
		{5CFBC09A-6DB1-47A8-AAFC-B759218B9E86}.AppStore|x64.Build.0 = Release|Any CPU
		{5CFBC09A-6DB1-47A8-AAFC-B759218B9E86}.AppStore|x86.ActiveCfg = Release|Any CPU
		{5CFBC09A-6DB1-47A8-AAFC-B759218B9E86}.AppStore|x86.Build.0 = Release|Any CPU
		{5CFBC09A-6DB1-47A8-AAFC-B759218B9E86}.Debug|Any CPU.ActiveCfg = Debug|Any CPU
		{5CFBC09A-6DB1-47A8-AAFC-B759218B9E86}.Debug|Any CPU.Build.0 = Debug|Any CPU
		{5CFBC09A-6DB1-47A8-AAFC-B759218B9E86}.Debug|ARM.ActiveCfg = Debug|Any CPU
		{5CFBC09A-6DB1-47A8-AAFC-B759218B9E86}.Debug|ARM.Build.0 = Debug|Any CPU
		{5CFBC09A-6DB1-47A8-AAFC-B759218B9E86}.Debug|iPhone.ActiveCfg = Debug|Any CPU
		{5CFBC09A-6DB1-47A8-AAFC-B759218B9E86}.Debug|iPhone.Build.0 = Debug|Any CPU
		{5CFBC09A-6DB1-47A8-AAFC-B759218B9E86}.Debug|iPhoneSimulator.ActiveCfg = Debug|Any CPU
		{5CFBC09A-6DB1-47A8-AAFC-B759218B9E86}.Debug|iPhoneSimulator.Build.0 = Debug|Any CPU
		{5CFBC09A-6DB1-47A8-AAFC-B759218B9E86}.Debug|x64.ActiveCfg = Debug|Any CPU
		{5CFBC09A-6DB1-47A8-AAFC-B759218B9E86}.Debug|x64.Build.0 = Debug|Any CPU
		{5CFBC09A-6DB1-47A8-AAFC-B759218B9E86}.Debug|x86.ActiveCfg = Debug|Any CPU
		{5CFBC09A-6DB1-47A8-AAFC-B759218B9E86}.Debug|x86.Build.0 = Debug|Any CPU
		{5CFBC09A-6DB1-47A8-AAFC-B759218B9E86}.Release|Any CPU.ActiveCfg = Release|Any CPU
		{5CFBC09A-6DB1-47A8-AAFC-B759218B9E86}.Release|Any CPU.Build.0 = Release|Any CPU
		{5CFBC09A-6DB1-47A8-AAFC-B759218B9E86}.Release|ARM.ActiveCfg = Release|Any CPU
		{5CFBC09A-6DB1-47A8-AAFC-B759218B9E86}.Release|ARM.Build.0 = Release|Any CPU
		{5CFBC09A-6DB1-47A8-AAFC-B759218B9E86}.Release|iPhone.ActiveCfg = Release|Any CPU
		{5CFBC09A-6DB1-47A8-AAFC-B759218B9E86}.Release|iPhone.Build.0 = Release|Any CPU
		{5CFBC09A-6DB1-47A8-AAFC-B759218B9E86}.Release|iPhoneSimulator.ActiveCfg = Release|Any CPU
		{5CFBC09A-6DB1-47A8-AAFC-B759218B9E86}.Release|iPhoneSimulator.Build.0 = Release|Any CPU
		{5CFBC09A-6DB1-47A8-AAFC-B759218B9E86}.Release|x64.ActiveCfg = Release|Any CPU
		{5CFBC09A-6DB1-47A8-AAFC-B759218B9E86}.Release|x64.Build.0 = Release|Any CPU
		{5CFBC09A-6DB1-47A8-AAFC-B759218B9E86}.Release|x86.ActiveCfg = Release|Any CPU
		{5CFBC09A-6DB1-47A8-AAFC-B759218B9E86}.Release|x86.Build.0 = Release|Any CPU
		{67F9D3A8-F71E-4428-913F-C37AE82CDB24}.Ad-Hoc|Any CPU.ActiveCfg = Release|Any CPU
		{67F9D3A8-F71E-4428-913F-C37AE82CDB24}.Ad-Hoc|Any CPU.Build.0 = Release|Any CPU
		{67F9D3A8-F71E-4428-913F-C37AE82CDB24}.Ad-Hoc|ARM.ActiveCfg = Release|Any CPU
		{67F9D3A8-F71E-4428-913F-C37AE82CDB24}.Ad-Hoc|ARM.Build.0 = Release|Any CPU
		{67F9D3A8-F71E-4428-913F-C37AE82CDB24}.Ad-Hoc|iPhone.ActiveCfg = Release|Any CPU
		{67F9D3A8-F71E-4428-913F-C37AE82CDB24}.Ad-Hoc|iPhone.Build.0 = Release|Any CPU
		{67F9D3A8-F71E-4428-913F-C37AE82CDB24}.Ad-Hoc|iPhoneSimulator.ActiveCfg = Release|Any CPU
		{67F9D3A8-F71E-4428-913F-C37AE82CDB24}.Ad-Hoc|iPhoneSimulator.Build.0 = Release|Any CPU
		{67F9D3A8-F71E-4428-913F-C37AE82CDB24}.Ad-Hoc|x64.ActiveCfg = Release|Any CPU
		{67F9D3A8-F71E-4428-913F-C37AE82CDB24}.Ad-Hoc|x64.Build.0 = Release|Any CPU
		{67F9D3A8-F71E-4428-913F-C37AE82CDB24}.Ad-Hoc|x86.ActiveCfg = Release|Any CPU
		{67F9D3A8-F71E-4428-913F-C37AE82CDB24}.Ad-Hoc|x86.Build.0 = Release|Any CPU
		{67F9D3A8-F71E-4428-913F-C37AE82CDB24}.AppStore|Any CPU.ActiveCfg = Release|Any CPU
		{67F9D3A8-F71E-4428-913F-C37AE82CDB24}.AppStore|Any CPU.Build.0 = Release|Any CPU
		{67F9D3A8-F71E-4428-913F-C37AE82CDB24}.AppStore|ARM.ActiveCfg = Release|Any CPU
		{67F9D3A8-F71E-4428-913F-C37AE82CDB24}.AppStore|ARM.Build.0 = Release|Any CPU
		{67F9D3A8-F71E-4428-913F-C37AE82CDB24}.AppStore|iPhone.ActiveCfg = Release|Any CPU
		{67F9D3A8-F71E-4428-913F-C37AE82CDB24}.AppStore|iPhone.Build.0 = Release|Any CPU
		{67F9D3A8-F71E-4428-913F-C37AE82CDB24}.AppStore|iPhoneSimulator.ActiveCfg = Release|Any CPU
		{67F9D3A8-F71E-4428-913F-C37AE82CDB24}.AppStore|iPhoneSimulator.Build.0 = Release|Any CPU
		{67F9D3A8-F71E-4428-913F-C37AE82CDB24}.AppStore|x64.ActiveCfg = Release|Any CPU
		{67F9D3A8-F71E-4428-913F-C37AE82CDB24}.AppStore|x64.Build.0 = Release|Any CPU
		{67F9D3A8-F71E-4428-913F-C37AE82CDB24}.AppStore|x86.ActiveCfg = Release|Any CPU
		{67F9D3A8-F71E-4428-913F-C37AE82CDB24}.AppStore|x86.Build.0 = Release|Any CPU
		{67F9D3A8-F71E-4428-913F-C37AE82CDB24}.Debug|Any CPU.ActiveCfg = Debug|Any CPU
		{67F9D3A8-F71E-4428-913F-C37AE82CDB24}.Debug|Any CPU.Build.0 = Debug|Any CPU
		{67F9D3A8-F71E-4428-913F-C37AE82CDB24}.Debug|ARM.ActiveCfg = Debug|Any CPU
		{67F9D3A8-F71E-4428-913F-C37AE82CDB24}.Debug|ARM.Build.0 = Debug|Any CPU
		{67F9D3A8-F71E-4428-913F-C37AE82CDB24}.Debug|iPhone.ActiveCfg = Debug|Any CPU
		{67F9D3A8-F71E-4428-913F-C37AE82CDB24}.Debug|iPhone.Build.0 = Debug|Any CPU
		{67F9D3A8-F71E-4428-913F-C37AE82CDB24}.Debug|iPhoneSimulator.ActiveCfg = Debug|Any CPU
		{67F9D3A8-F71E-4428-913F-C37AE82CDB24}.Debug|iPhoneSimulator.Build.0 = Debug|Any CPU
		{67F9D3A8-F71E-4428-913F-C37AE82CDB24}.Debug|x64.ActiveCfg = Debug|Any CPU
		{67F9D3A8-F71E-4428-913F-C37AE82CDB24}.Debug|x64.Build.0 = Debug|Any CPU
		{67F9D3A8-F71E-4428-913F-C37AE82CDB24}.Debug|x86.ActiveCfg = Debug|Any CPU
		{67F9D3A8-F71E-4428-913F-C37AE82CDB24}.Debug|x86.Build.0 = Debug|Any CPU
		{67F9D3A8-F71E-4428-913F-C37AE82CDB24}.Release|Any CPU.ActiveCfg = Release|Any CPU
		{67F9D3A8-F71E-4428-913F-C37AE82CDB24}.Release|Any CPU.Build.0 = Release|Any CPU
		{67F9D3A8-F71E-4428-913F-C37AE82CDB24}.Release|ARM.ActiveCfg = Release|Any CPU
		{67F9D3A8-F71E-4428-913F-C37AE82CDB24}.Release|ARM.Build.0 = Release|Any CPU
		{67F9D3A8-F71E-4428-913F-C37AE82CDB24}.Release|iPhone.ActiveCfg = Release|Any CPU
		{67F9D3A8-F71E-4428-913F-C37AE82CDB24}.Release|iPhone.Build.0 = Release|Any CPU
		{67F9D3A8-F71E-4428-913F-C37AE82CDB24}.Release|iPhoneSimulator.ActiveCfg = Release|Any CPU
		{67F9D3A8-F71E-4428-913F-C37AE82CDB24}.Release|iPhoneSimulator.Build.0 = Release|Any CPU
		{67F9D3A8-F71E-4428-913F-C37AE82CDB24}.Release|x64.ActiveCfg = Release|Any CPU
		{67F9D3A8-F71E-4428-913F-C37AE82CDB24}.Release|x64.Build.0 = Release|Any CPU
		{67F9D3A8-F71E-4428-913F-C37AE82CDB24}.Release|x86.ActiveCfg = Release|Any CPU
		{67F9D3A8-F71E-4428-913F-C37AE82CDB24}.Release|x86.Build.0 = Release|Any CPU
		{F4297D99-D786-4F0D-944B-77EA9E4B13A9}.Ad-Hoc|Any CPU.ActiveCfg = Release|Any CPU
		{F4297D99-D786-4F0D-944B-77EA9E4B13A9}.Ad-Hoc|Any CPU.Build.0 = Release|Any CPU
		{F4297D99-D786-4F0D-944B-77EA9E4B13A9}.Ad-Hoc|ARM.ActiveCfg = Release|Any CPU
		{F4297D99-D786-4F0D-944B-77EA9E4B13A9}.Ad-Hoc|ARM.Build.0 = Release|Any CPU
		{F4297D99-D786-4F0D-944B-77EA9E4B13A9}.Ad-Hoc|iPhone.ActiveCfg = Release|Any CPU
		{F4297D99-D786-4F0D-944B-77EA9E4B13A9}.Ad-Hoc|iPhone.Build.0 = Release|Any CPU
		{F4297D99-D786-4F0D-944B-77EA9E4B13A9}.Ad-Hoc|iPhoneSimulator.ActiveCfg = Release|Any CPU
		{F4297D99-D786-4F0D-944B-77EA9E4B13A9}.Ad-Hoc|iPhoneSimulator.Build.0 = Release|Any CPU
		{F4297D99-D786-4F0D-944B-77EA9E4B13A9}.Ad-Hoc|x64.ActiveCfg = Release|Any CPU
		{F4297D99-D786-4F0D-944B-77EA9E4B13A9}.Ad-Hoc|x64.Build.0 = Release|Any CPU
		{F4297D99-D786-4F0D-944B-77EA9E4B13A9}.Ad-Hoc|x86.ActiveCfg = Release|Any CPU
		{F4297D99-D786-4F0D-944B-77EA9E4B13A9}.Ad-Hoc|x86.Build.0 = Release|Any CPU
		{F4297D99-D786-4F0D-944B-77EA9E4B13A9}.AppStore|Any CPU.ActiveCfg = Release|Any CPU
		{F4297D99-D786-4F0D-944B-77EA9E4B13A9}.AppStore|Any CPU.Build.0 = Release|Any CPU
		{F4297D99-D786-4F0D-944B-77EA9E4B13A9}.AppStore|ARM.ActiveCfg = Release|Any CPU
		{F4297D99-D786-4F0D-944B-77EA9E4B13A9}.AppStore|ARM.Build.0 = Release|Any CPU
		{F4297D99-D786-4F0D-944B-77EA9E4B13A9}.AppStore|iPhone.ActiveCfg = Release|Any CPU
		{F4297D99-D786-4F0D-944B-77EA9E4B13A9}.AppStore|iPhone.Build.0 = Release|Any CPU
		{F4297D99-D786-4F0D-944B-77EA9E4B13A9}.AppStore|iPhoneSimulator.ActiveCfg = Release|Any CPU
		{F4297D99-D786-4F0D-944B-77EA9E4B13A9}.AppStore|iPhoneSimulator.Build.0 = Release|Any CPU
		{F4297D99-D786-4F0D-944B-77EA9E4B13A9}.AppStore|x64.ActiveCfg = Release|Any CPU
		{F4297D99-D786-4F0D-944B-77EA9E4B13A9}.AppStore|x64.Build.0 = Release|Any CPU
		{F4297D99-D786-4F0D-944B-77EA9E4B13A9}.AppStore|x86.ActiveCfg = Release|Any CPU
		{F4297D99-D786-4F0D-944B-77EA9E4B13A9}.AppStore|x86.Build.0 = Release|Any CPU
		{F4297D99-D786-4F0D-944B-77EA9E4B13A9}.Debug|Any CPU.ActiveCfg = Debug|Any CPU
		{F4297D99-D786-4F0D-944B-77EA9E4B13A9}.Debug|Any CPU.Build.0 = Debug|Any CPU
		{F4297D99-D786-4F0D-944B-77EA9E4B13A9}.Debug|ARM.ActiveCfg = Debug|Any CPU
		{F4297D99-D786-4F0D-944B-77EA9E4B13A9}.Debug|ARM.Build.0 = Debug|Any CPU
		{F4297D99-D786-4F0D-944B-77EA9E4B13A9}.Debug|iPhone.ActiveCfg = Debug|Any CPU
		{F4297D99-D786-4F0D-944B-77EA9E4B13A9}.Debug|iPhone.Build.0 = Debug|Any CPU
		{F4297D99-D786-4F0D-944B-77EA9E4B13A9}.Debug|iPhoneSimulator.ActiveCfg = Debug|Any CPU
		{F4297D99-D786-4F0D-944B-77EA9E4B13A9}.Debug|iPhoneSimulator.Build.0 = Debug|Any CPU
		{F4297D99-D786-4F0D-944B-77EA9E4B13A9}.Debug|x64.ActiveCfg = Debug|Any CPU
		{F4297D99-D786-4F0D-944B-77EA9E4B13A9}.Debug|x64.Build.0 = Debug|Any CPU
		{F4297D99-D786-4F0D-944B-77EA9E4B13A9}.Debug|x86.ActiveCfg = Debug|Any CPU
		{F4297D99-D786-4F0D-944B-77EA9E4B13A9}.Debug|x86.Build.0 = Debug|Any CPU
		{F4297D99-D786-4F0D-944B-77EA9E4B13A9}.Release|Any CPU.ActiveCfg = Release|Any CPU
		{F4297D99-D786-4F0D-944B-77EA9E4B13A9}.Release|Any CPU.Build.0 = Release|Any CPU
		{F4297D99-D786-4F0D-944B-77EA9E4B13A9}.Release|ARM.ActiveCfg = Release|Any CPU
		{F4297D99-D786-4F0D-944B-77EA9E4B13A9}.Release|ARM.Build.0 = Release|Any CPU
		{F4297D99-D786-4F0D-944B-77EA9E4B13A9}.Release|iPhone.ActiveCfg = Release|Any CPU
		{F4297D99-D786-4F0D-944B-77EA9E4B13A9}.Release|iPhone.Build.0 = Release|Any CPU
		{F4297D99-D786-4F0D-944B-77EA9E4B13A9}.Release|iPhoneSimulator.ActiveCfg = Release|Any CPU
		{F4297D99-D786-4F0D-944B-77EA9E4B13A9}.Release|iPhoneSimulator.Build.0 = Release|Any CPU
		{F4297D99-D786-4F0D-944B-77EA9E4B13A9}.Release|x64.ActiveCfg = Release|Any CPU
		{F4297D99-D786-4F0D-944B-77EA9E4B13A9}.Release|x64.Build.0 = Release|Any CPU
		{F4297D99-D786-4F0D-944B-77EA9E4B13A9}.Release|x86.ActiveCfg = Release|Any CPU
		{F4297D99-D786-4F0D-944B-77EA9E4B13A9}.Release|x86.Build.0 = Release|Any CPU
		{990C1D79-A460-40B9-AA26-F8790FE3BD6B}.Ad-Hoc|Any CPU.ActiveCfg = Release|Any CPU
		{990C1D79-A460-40B9-AA26-F8790FE3BD6B}.Ad-Hoc|Any CPU.Build.0 = Release|Any CPU
		{990C1D79-A460-40B9-AA26-F8790FE3BD6B}.Ad-Hoc|ARM.ActiveCfg = Release|Any CPU
		{990C1D79-A460-40B9-AA26-F8790FE3BD6B}.Ad-Hoc|ARM.Build.0 = Release|Any CPU
		{990C1D79-A460-40B9-AA26-F8790FE3BD6B}.Ad-Hoc|iPhone.ActiveCfg = Release|Any CPU
		{990C1D79-A460-40B9-AA26-F8790FE3BD6B}.Ad-Hoc|iPhone.Build.0 = Release|Any CPU
		{990C1D79-A460-40B9-AA26-F8790FE3BD6B}.Ad-Hoc|iPhoneSimulator.ActiveCfg = Release|Any CPU
		{990C1D79-A460-40B9-AA26-F8790FE3BD6B}.Ad-Hoc|iPhoneSimulator.Build.0 = Release|Any CPU
		{990C1D79-A460-40B9-AA26-F8790FE3BD6B}.Ad-Hoc|x64.ActiveCfg = Release|Any CPU
		{990C1D79-A460-40B9-AA26-F8790FE3BD6B}.Ad-Hoc|x64.Build.0 = Release|Any CPU
		{990C1D79-A460-40B9-AA26-F8790FE3BD6B}.Ad-Hoc|x86.ActiveCfg = Release|Any CPU
		{990C1D79-A460-40B9-AA26-F8790FE3BD6B}.Ad-Hoc|x86.Build.0 = Release|Any CPU
		{990C1D79-A460-40B9-AA26-F8790FE3BD6B}.AppStore|Any CPU.ActiveCfg = Release|Any CPU
		{990C1D79-A460-40B9-AA26-F8790FE3BD6B}.AppStore|Any CPU.Build.0 = Release|Any CPU
		{990C1D79-A460-40B9-AA26-F8790FE3BD6B}.AppStore|ARM.ActiveCfg = Release|Any CPU
		{990C1D79-A460-40B9-AA26-F8790FE3BD6B}.AppStore|ARM.Build.0 = Release|Any CPU
		{990C1D79-A460-40B9-AA26-F8790FE3BD6B}.AppStore|iPhone.ActiveCfg = Release|Any CPU
		{990C1D79-A460-40B9-AA26-F8790FE3BD6B}.AppStore|iPhone.Build.0 = Release|Any CPU
		{990C1D79-A460-40B9-AA26-F8790FE3BD6B}.AppStore|iPhoneSimulator.ActiveCfg = Release|Any CPU
		{990C1D79-A460-40B9-AA26-F8790FE3BD6B}.AppStore|iPhoneSimulator.Build.0 = Release|Any CPU
		{990C1D79-A460-40B9-AA26-F8790FE3BD6B}.AppStore|x64.ActiveCfg = Release|Any CPU
		{990C1D79-A460-40B9-AA26-F8790FE3BD6B}.AppStore|x64.Build.0 = Release|Any CPU
		{990C1D79-A460-40B9-AA26-F8790FE3BD6B}.AppStore|x86.ActiveCfg = Release|Any CPU
		{990C1D79-A460-40B9-AA26-F8790FE3BD6B}.AppStore|x86.Build.0 = Release|Any CPU
		{990C1D79-A460-40B9-AA26-F8790FE3BD6B}.Debug|Any CPU.ActiveCfg = Debug|Any CPU
		{990C1D79-A460-40B9-AA26-F8790FE3BD6B}.Debug|Any CPU.Build.0 = Debug|Any CPU
		{990C1D79-A460-40B9-AA26-F8790FE3BD6B}.Debug|ARM.ActiveCfg = Debug|Any CPU
		{990C1D79-A460-40B9-AA26-F8790FE3BD6B}.Debug|ARM.Build.0 = Debug|Any CPU
		{990C1D79-A460-40B9-AA26-F8790FE3BD6B}.Debug|iPhone.ActiveCfg = Debug|Any CPU
		{990C1D79-A460-40B9-AA26-F8790FE3BD6B}.Debug|iPhone.Build.0 = Debug|Any CPU
		{990C1D79-A460-40B9-AA26-F8790FE3BD6B}.Debug|iPhoneSimulator.ActiveCfg = Debug|Any CPU
		{990C1D79-A460-40B9-AA26-F8790FE3BD6B}.Debug|iPhoneSimulator.Build.0 = Debug|Any CPU
		{990C1D79-A460-40B9-AA26-F8790FE3BD6B}.Debug|x64.ActiveCfg = Debug|Any CPU
		{990C1D79-A460-40B9-AA26-F8790FE3BD6B}.Debug|x64.Build.0 = Debug|Any CPU
		{990C1D79-A460-40B9-AA26-F8790FE3BD6B}.Debug|x86.ActiveCfg = Debug|Any CPU
		{990C1D79-A460-40B9-AA26-F8790FE3BD6B}.Debug|x86.Build.0 = Debug|Any CPU
		{990C1D79-A460-40B9-AA26-F8790FE3BD6B}.Release|Any CPU.ActiveCfg = Release|Any CPU
		{990C1D79-A460-40B9-AA26-F8790FE3BD6B}.Release|Any CPU.Build.0 = Release|Any CPU
		{990C1D79-A460-40B9-AA26-F8790FE3BD6B}.Release|ARM.ActiveCfg = Release|Any CPU
		{990C1D79-A460-40B9-AA26-F8790FE3BD6B}.Release|ARM.Build.0 = Release|Any CPU
		{990C1D79-A460-40B9-AA26-F8790FE3BD6B}.Release|iPhone.ActiveCfg = Release|Any CPU
		{990C1D79-A460-40B9-AA26-F8790FE3BD6B}.Release|iPhone.Build.0 = Release|Any CPU
		{990C1D79-A460-40B9-AA26-F8790FE3BD6B}.Release|iPhoneSimulator.ActiveCfg = Release|Any CPU
		{990C1D79-A460-40B9-AA26-F8790FE3BD6B}.Release|iPhoneSimulator.Build.0 = Release|Any CPU
		{990C1D79-A460-40B9-AA26-F8790FE3BD6B}.Release|x64.ActiveCfg = Release|Any CPU
		{990C1D79-A460-40B9-AA26-F8790FE3BD6B}.Release|x64.Build.0 = Release|Any CPU
		{990C1D79-A460-40B9-AA26-F8790FE3BD6B}.Release|x86.ActiveCfg = Release|Any CPU
		{990C1D79-A460-40B9-AA26-F8790FE3BD6B}.Release|x86.Build.0 = Release|Any CPU
	EndGlobalSection
	GlobalSection(SolutionProperties) = preSolution
		HideSolutionNode = FALSE
	EndGlobalSection
	GlobalSection(NestedProjects) = preSolution
		{67F9D3A8-F71E-4428-913F-C37AE82CDB24} = {8BD01F0F-D5D8-470A-B63B-8F7F8FE2C417}
		{F4297D99-D786-4F0D-944B-77EA9E4B13A9} = {8BD01F0F-D5D8-470A-B63B-8F7F8FE2C417}
		{990C1D79-A460-40B9-AA26-F8790FE3BD6B} = {8BD01F0F-D5D8-470A-B63B-8F7F8FE2C417}
	EndGlobalSection
EndGlobal
