
Microsoft Visual Studio Solution File, Format Version 12.00
# Visual Studio 14
VisualStudioVersion = 14.0.25420.1
MinimumVisualStudioVersion = 10.0.40219.1
Project("{FAE04EC0-301F-11D3-BF4B-00C04F79EFBC}") = "PegasusMissionNAEMobile.Droid", "PegasusMissionNAEMobile\PegasusMissionNAEMobile.Droid\PegasusMissionNAEMobile.Droid.csproj", "{5A4CAB48-902F-45FC-B52F-8A4F034832B0}"
EndProject
Project("{FAE04EC0-301F-11D3-BF4B-00C04F79EFBC}") = "PegasusMissionNAEMobile.iOS", "PegasusMissionNAEMobile\PegasusMissionNAEMobile.iOS\PegasusMissionNAEMobile.iOS.csproj", "{A46647AA-FFB9-4FC0-9427-1FD31D3BB2A7}"
EndProject
Project("{FAE04EC0-301F-11D3-BF4B-00C04F79EFBC}") = "PegasusMissionNAEMobile.WinPhone", "PegasusMissionNAEMobile\PegasusMissionNAEMobile.WinPhone\PegasusMissionNAEMobile.WinPhone.csproj", "{42C5D3A1-C072-4012-8429-AA1D5F5347D0}"
EndProject
Project("{FAE04EC0-301F-11D3-BF4B-00C04F79EFBC}") = "PegasusMissionNAEMobile.UWP", "PegasusMissionNAEMobile\PegasusMissionNAEMobile.UWP\PegasusMissionNAEMobile.UWP.csproj", "{55115F61-8E0F-4A64-BA59-D4FBF2136A37}"
EndProject
Project("{FAE04EC0-301F-11D3-BF4B-00C04F79EFBC}") = "PegasusMissionNAEMobile.Windows", "PegasusMissionNAEMobile\PegasusMissionNAEMobile.Windows\PegasusMissionNAEMobile.Windows.csproj", "{85A6919E-317B-474A-A191-C45CFF4475C0}"
EndProject
Project("{D954291E-2A0B-460D-934E-DC6B0785DB48}") = "PegasusMissionNAEMobile", "PegasusMissionNAEMobile\PegasusMissionNAEMobile\PegasusMissionNAEMobile.shproj", "{D1464902-3F96-44D3-A47E-708FFDE790AA}"
EndProject
Global
	GlobalSection(SharedMSBuildProjectFiles) = preSolution
		PegasusMissionNAEMobile\PegasusMissionNAEMobile\PegasusMissionNAEMobile.projitems*{d1464902-3f96-44d3-a47e-708ffde790aa}*SharedItemsImports = 13
	EndGlobalSection
	GlobalSection(SolutionConfigurationPlatforms) = preSolution
		Ad-Hoc|Any CPU = Ad-Hoc|Any CPU
		Ad-Hoc|ARM = Ad-Hoc|ARM
		Ad-Hoc|iPhone = Ad-Hoc|iPhone
		Ad-Hoc|iPhoneSimulator = Ad-Hoc|iPhoneSimulator
		Ad-Hoc|x64 = Ad-Hoc|x64
		Ad-Hoc|x86 = Ad-Hoc|x86
		AppStore|Any CPU = AppStore|Any CPU
		AppStore|ARM = AppStore|ARM
		AppStore|iPhone = AppStore|iPhone
		AppStore|iPhoneSimulator = AppStore|iPhoneSimulator
		AppStore|x64 = AppStore|x64
		AppStore|x86 = AppStore|x86
		Debug|Any CPU = Debug|Any CPU
		Debug|ARM = Debug|ARM
		Debug|iPhone = Debug|iPhone
		Debug|iPhoneSimulator = Debug|iPhoneSimulator
		Debug|x64 = Debug|x64
		Debug|x86 = Debug|x86
		Release|Any CPU = Release|Any CPU
		Release|ARM = Release|ARM
		Release|iPhone = Release|iPhone
		Release|iPhoneSimulator = Release|iPhoneSimulator
		Release|x64 = Release|x64
		Release|x86 = Release|x86
	EndGlobalSection
	GlobalSection(ProjectConfigurationPlatforms) = postSolution
		{5A4CAB48-902F-45FC-B52F-8A4F034832B0}.Ad-Hoc|Any CPU.ActiveCfg = Release|Any CPU
		{5A4CAB48-902F-45FC-B52F-8A4F034832B0}.Ad-Hoc|Any CPU.Build.0 = Release|Any CPU
		{5A4CAB48-902F-45FC-B52F-8A4F034832B0}.Ad-Hoc|Any CPU.Deploy.0 = Release|Any CPU
		{5A4CAB48-902F-45FC-B52F-8A4F034832B0}.Ad-Hoc|ARM.ActiveCfg = Release|Any CPU
		{5A4CAB48-902F-45FC-B52F-8A4F034832B0}.Ad-Hoc|ARM.Build.0 = Release|Any CPU
		{5A4CAB48-902F-45FC-B52F-8A4F034832B0}.Ad-Hoc|ARM.Deploy.0 = Release|Any CPU
		{5A4CAB48-902F-45FC-B52F-8A4F034832B0}.Ad-Hoc|iPhone.ActiveCfg = Release|Any CPU
		{5A4CAB48-902F-45FC-B52F-8A4F034832B0}.Ad-Hoc|iPhone.Build.0 = Release|Any CPU
		{5A4CAB48-902F-45FC-B52F-8A4F034832B0}.Ad-Hoc|iPhone.Deploy.0 = Release|Any CPU
		{5A4CAB48-902F-45FC-B52F-8A4F034832B0}.Ad-Hoc|iPhoneSimulator.ActiveCfg = Release|Any CPU
		{5A4CAB48-902F-45FC-B52F-8A4F034832B0}.Ad-Hoc|iPhoneSimulator.Build.0 = Release|Any CPU
		{5A4CAB48-902F-45FC-B52F-8A4F034832B0}.Ad-Hoc|iPhoneSimulator.Deploy.0 = Release|Any CPU
		{5A4CAB48-902F-45FC-B52F-8A4F034832B0}.Ad-Hoc|x64.ActiveCfg = Release|Any CPU
		{5A4CAB48-902F-45FC-B52F-8A4F034832B0}.Ad-Hoc|x64.Build.0 = Release|Any CPU
		{5A4CAB48-902F-45FC-B52F-8A4F034832B0}.Ad-Hoc|x64.Deploy.0 = Release|Any CPU
		{5A4CAB48-902F-45FC-B52F-8A4F034832B0}.Ad-Hoc|x86.ActiveCfg = Release|Any CPU
		{5A4CAB48-902F-45FC-B52F-8A4F034832B0}.Ad-Hoc|x86.Build.0 = Release|Any CPU
		{5A4CAB48-902F-45FC-B52F-8A4F034832B0}.Ad-Hoc|x86.Deploy.0 = Release|Any CPU
		{5A4CAB48-902F-45FC-B52F-8A4F034832B0}.AppStore|Any CPU.ActiveCfg = Release|Any CPU
		{5A4CAB48-902F-45FC-B52F-8A4F034832B0}.AppStore|Any CPU.Build.0 = Release|Any CPU
		{5A4CAB48-902F-45FC-B52F-8A4F034832B0}.AppStore|Any CPU.Deploy.0 = Release|Any CPU
		{5A4CAB48-902F-45FC-B52F-8A4F034832B0}.AppStore|ARM.ActiveCfg = Release|Any CPU
		{5A4CAB48-902F-45FC-B52F-8A4F034832B0}.AppStore|ARM.Build.0 = Release|Any CPU
		{5A4CAB48-902F-45FC-B52F-8A4F034832B0}.AppStore|ARM.Deploy.0 = Release|Any CPU
		{5A4CAB48-902F-45FC-B52F-8A4F034832B0}.AppStore|iPhone.ActiveCfg = Release|Any CPU
		{5A4CAB48-902F-45FC-B52F-8A4F034832B0}.AppStore|iPhone.Build.0 = Release|Any CPU
		{5A4CAB48-902F-45FC-B52F-8A4F034832B0}.AppStore|iPhone.Deploy.0 = Release|Any CPU
		{5A4CAB48-902F-45FC-B52F-8A4F034832B0}.AppStore|iPhoneSimulator.ActiveCfg = Release|Any CPU
		{5A4CAB48-902F-45FC-B52F-8A4F034832B0}.AppStore|iPhoneSimulator.Build.0 = Release|Any CPU
		{5A4CAB48-902F-45FC-B52F-8A4F034832B0}.AppStore|iPhoneSimulator.Deploy.0 = Release|Any CPU
		{5A4CAB48-902F-45FC-B52F-8A4F034832B0}.AppStore|x64.ActiveCfg = Release|Any CPU
		{5A4CAB48-902F-45FC-B52F-8A4F034832B0}.AppStore|x64.Build.0 = Release|Any CPU
		{5A4CAB48-902F-45FC-B52F-8A4F034832B0}.AppStore|x64.Deploy.0 = Release|Any CPU
		{5A4CAB48-902F-45FC-B52F-8A4F034832B0}.AppStore|x86.ActiveCfg = Release|Any CPU
		{5A4CAB48-902F-45FC-B52F-8A4F034832B0}.AppStore|x86.Build.0 = Release|Any CPU
		{5A4CAB48-902F-45FC-B52F-8A4F034832B0}.AppStore|x86.Deploy.0 = Release|Any CPU
		{5A4CAB48-902F-45FC-B52F-8A4F034832B0}.Debug|Any CPU.ActiveCfg = Debug|Any CPU
		{5A4CAB48-902F-45FC-B52F-8A4F034832B0}.Debug|Any CPU.Build.0 = Debug|Any CPU
		{5A4CAB48-902F-45FC-B52F-8A4F034832B0}.Debug|Any CPU.Deploy.0 = Debug|Any CPU
		{5A4CAB48-902F-45FC-B52F-8A4F034832B0}.Debug|ARM.ActiveCfg = Debug|Any CPU
		{5A4CAB48-902F-45FC-B52F-8A4F034832B0}.Debug|ARM.Build.0 = Debug|Any CPU
		{5A4CAB48-902F-45FC-B52F-8A4F034832B0}.Debug|ARM.Deploy.0 = Debug|Any CPU
		{5A4CAB48-902F-45FC-B52F-8A4F034832B0}.Debug|iPhone.ActiveCfg = Debug|Any CPU
		{5A4CAB48-902F-45FC-B52F-8A4F034832B0}.Debug|iPhone.Build.0 = Debug|Any CPU
		{5A4CAB48-902F-45FC-B52F-8A4F034832B0}.Debug|iPhone.Deploy.0 = Debug|Any CPU
		{5A4CAB48-902F-45FC-B52F-8A4F034832B0}.Debug|iPhoneSimulator.ActiveCfg = Debug|Any CPU
		{5A4CAB48-902F-45FC-B52F-8A4F034832B0}.Debug|iPhoneSimulator.Build.0 = Debug|Any CPU
		{5A4CAB48-902F-45FC-B52F-8A4F034832B0}.Debug|iPhoneSimulator.Deploy.0 = Debug|Any CPU
		{5A4CAB48-902F-45FC-B52F-8A4F034832B0}.Debug|x64.ActiveCfg = Debug|Any CPU
		{5A4CAB48-902F-45FC-B52F-8A4F034832B0}.Debug|x64.Build.0 = Debug|Any CPU
		{5A4CAB48-902F-45FC-B52F-8A4F034832B0}.Debug|x64.Deploy.0 = Debug|Any CPU
		{5A4CAB48-902F-45FC-B52F-8A4F034832B0}.Debug|x86.ActiveCfg = Debug|Any CPU
		{5A4CAB48-902F-45FC-B52F-8A4F034832B0}.Debug|x86.Build.0 = Debug|Any CPU
		{5A4CAB48-902F-45FC-B52F-8A4F034832B0}.Debug|x86.Deploy.0 = Debug|Any CPU
		{5A4CAB48-902F-45FC-B52F-8A4F034832B0}.Release|Any CPU.ActiveCfg = Release|Any CPU
		{5A4CAB48-902F-45FC-B52F-8A4F034832B0}.Release|Any CPU.Build.0 = Release|Any CPU
		{5A4CAB48-902F-45FC-B52F-8A4F034832B0}.Release|Any CPU.Deploy.0 = Release|Any CPU
		{5A4CAB48-902F-45FC-B52F-8A4F034832B0}.Release|ARM.ActiveCfg = Release|Any CPU
		{5A4CAB48-902F-45FC-B52F-8A4F034832B0}.Release|ARM.Build.0 = Release|Any CPU
		{5A4CAB48-902F-45FC-B52F-8A4F034832B0}.Release|ARM.Deploy.0 = Release|Any CPU
		{5A4CAB48-902F-45FC-B52F-8A4F034832B0}.Release|iPhone.ActiveCfg = Release|Any CPU
		{5A4CAB48-902F-45FC-B52F-8A4F034832B0}.Release|iPhone.Build.0 = Release|Any CPU
		{5A4CAB48-902F-45FC-B52F-8A4F034832B0}.Release|iPhone.Deploy.0 = Release|Any CPU
		{5A4CAB48-902F-45FC-B52F-8A4F034832B0}.Release|iPhoneSimulator.ActiveCfg = Release|Any CPU
		{5A4CAB48-902F-45FC-B52F-8A4F034832B0}.Release|iPhoneSimulator.Build.0 = Release|Any CPU
		{5A4CAB48-902F-45FC-B52F-8A4F034832B0}.Release|iPhoneSimulator.Deploy.0 = Release|Any CPU
		{5A4CAB48-902F-45FC-B52F-8A4F034832B0}.Release|x64.ActiveCfg = Release|Any CPU
		{5A4CAB48-902F-45FC-B52F-8A4F034832B0}.Release|x64.Build.0 = Release|Any CPU
		{5A4CAB48-902F-45FC-B52F-8A4F034832B0}.Release|x64.Deploy.0 = Release|Any CPU
		{5A4CAB48-902F-45FC-B52F-8A4F034832B0}.Release|x86.ActiveCfg = Release|Any CPU
		{5A4CAB48-902F-45FC-B52F-8A4F034832B0}.Release|x86.Build.0 = Release|Any CPU
		{5A4CAB48-902F-45FC-B52F-8A4F034832B0}.Release|x86.Deploy.0 = Release|Any CPU
		{A46647AA-FFB9-4FC0-9427-1FD31D3BB2A7}.Ad-Hoc|Any CPU.ActiveCfg = Ad-Hoc|iPhone
		{A46647AA-FFB9-4FC0-9427-1FD31D3BB2A7}.Ad-Hoc|ARM.ActiveCfg = Ad-Hoc|iPhone
		{A46647AA-FFB9-4FC0-9427-1FD31D3BB2A7}.Ad-Hoc|iPhone.ActiveCfg = Ad-Hoc|iPhone
		{A46647AA-FFB9-4FC0-9427-1FD31D3BB2A7}.Ad-Hoc|iPhone.Build.0 = Ad-Hoc|iPhone
		{A46647AA-FFB9-4FC0-9427-1FD31D3BB2A7}.Ad-Hoc|iPhoneSimulator.ActiveCfg = Ad-Hoc|iPhoneSimulator
		{A46647AA-FFB9-4FC0-9427-1FD31D3BB2A7}.Ad-Hoc|iPhoneSimulator.Build.0 = Ad-Hoc|iPhoneSimulator
		{A46647AA-FFB9-4FC0-9427-1FD31D3BB2A7}.Ad-Hoc|x64.ActiveCfg = Ad-Hoc|iPhone
		{A46647AA-FFB9-4FC0-9427-1FD31D3BB2A7}.Ad-Hoc|x86.ActiveCfg = Ad-Hoc|iPhone
		{A46647AA-FFB9-4FC0-9427-1FD31D3BB2A7}.AppStore|Any CPU.ActiveCfg = AppStore|iPhone
		{A46647AA-FFB9-4FC0-9427-1FD31D3BB2A7}.AppStore|ARM.ActiveCfg = AppStore|iPhone
		{A46647AA-FFB9-4FC0-9427-1FD31D3BB2A7}.AppStore|iPhone.ActiveCfg = AppStore|iPhone
		{A46647AA-FFB9-4FC0-9427-1FD31D3BB2A7}.AppStore|iPhone.Build.0 = AppStore|iPhone
		{A46647AA-FFB9-4FC0-9427-1FD31D3BB2A7}.AppStore|iPhoneSimulator.ActiveCfg = AppStore|iPhoneSimulator
		{A46647AA-FFB9-4FC0-9427-1FD31D3BB2A7}.AppStore|iPhoneSimulator.Build.0 = AppStore|iPhoneSimulator
		{A46647AA-FFB9-4FC0-9427-1FD31D3BB2A7}.AppStore|x64.ActiveCfg = AppStore|iPhone
		{A46647AA-FFB9-4FC0-9427-1FD31D3BB2A7}.AppStore|x86.ActiveCfg = AppStore|iPhone
		{A46647AA-FFB9-4FC0-9427-1FD31D3BB2A7}.Debug|Any CPU.ActiveCfg = Debug|iPhone
		{A46647AA-FFB9-4FC0-9427-1FD31D3BB2A7}.Debug|ARM.ActiveCfg = Debug|iPhone
		{A46647AA-FFB9-4FC0-9427-1FD31D3BB2A7}.Debug|iPhone.ActiveCfg = Debug|iPhone
		{A46647AA-FFB9-4FC0-9427-1FD31D3BB2A7}.Debug|iPhone.Build.0 = Debug|iPhone
		{A46647AA-FFB9-4FC0-9427-1FD31D3BB2A7}.Debug|iPhoneSimulator.ActiveCfg = Debug|iPhoneSimulator
		{A46647AA-FFB9-4FC0-9427-1FD31D3BB2A7}.Debug|iPhoneSimulator.Build.0 = Debug|iPhoneSimulator
		{A46647AA-FFB9-4FC0-9427-1FD31D3BB2A7}.Debug|x64.ActiveCfg = Debug|iPhone
		{A46647AA-FFB9-4FC0-9427-1FD31D3BB2A7}.Debug|x86.ActiveCfg = Debug|iPhone
		{A46647AA-FFB9-4FC0-9427-1FD31D3BB2A7}.Release|Any CPU.ActiveCfg = Release|iPhone
		{A46647AA-FFB9-4FC0-9427-1FD31D3BB2A7}.Release|ARM.ActiveCfg = Release|iPhone
		{A46647AA-FFB9-4FC0-9427-1FD31D3BB2A7}.Release|iPhone.ActiveCfg = Release|iPhone
		{A46647AA-FFB9-4FC0-9427-1FD31D3BB2A7}.Release|iPhone.Build.0 = Release|iPhone
		{A46647AA-FFB9-4FC0-9427-1FD31D3BB2A7}.Release|iPhoneSimulator.ActiveCfg = Release|iPhoneSimulator
		{A46647AA-FFB9-4FC0-9427-1FD31D3BB2A7}.Release|iPhoneSimulator.Build.0 = Release|iPhoneSimulator
		{A46647AA-FFB9-4FC0-9427-1FD31D3BB2A7}.Release|x64.ActiveCfg = Release|iPhone
		{A46647AA-FFB9-4FC0-9427-1FD31D3BB2A7}.Release|x86.ActiveCfg = Release|iPhone
		{42C5D3A1-C072-4012-8429-AA1D5F5347D0}.Ad-Hoc|Any CPU.ActiveCfg = Release|Any CPU
		{42C5D3A1-C072-4012-8429-AA1D5F5347D0}.Ad-Hoc|Any CPU.Build.0 = Release|Any CPU
		{42C5D3A1-C072-4012-8429-AA1D5F5347D0}.Ad-Hoc|Any CPU.Deploy.0 = Release|Any CPU
		{42C5D3A1-C072-4012-8429-AA1D5F5347D0}.Ad-Hoc|ARM.ActiveCfg = Release|ARM
		{42C5D3A1-C072-4012-8429-AA1D5F5347D0}.Ad-Hoc|ARM.Build.0 = Release|ARM
		{42C5D3A1-C072-4012-8429-AA1D5F5347D0}.Ad-Hoc|ARM.Deploy.0 = Release|ARM
		{42C5D3A1-C072-4012-8429-AA1D5F5347D0}.Ad-Hoc|iPhone.ActiveCfg = Release|Any CPU
		{42C5D3A1-C072-4012-8429-AA1D5F5347D0}.Ad-Hoc|iPhone.Build.0 = Release|Any CPU
		{42C5D3A1-C072-4012-8429-AA1D5F5347D0}.Ad-Hoc|iPhone.Deploy.0 = Release|Any CPU
		{42C5D3A1-C072-4012-8429-AA1D5F5347D0}.Ad-Hoc|iPhoneSimulator.ActiveCfg = Release|Any CPU
		{42C5D3A1-C072-4012-8429-AA1D5F5347D0}.Ad-Hoc|iPhoneSimulator.Build.0 = Release|Any CPU
		{42C5D3A1-C072-4012-8429-AA1D5F5347D0}.Ad-Hoc|iPhoneSimulator.Deploy.0 = Release|Any CPU
		{42C5D3A1-C072-4012-8429-AA1D5F5347D0}.Ad-Hoc|x64.ActiveCfg = Release|Any CPU
		{42C5D3A1-C072-4012-8429-AA1D5F5347D0}.Ad-Hoc|x64.Build.0 = Release|Any CPU
		{42C5D3A1-C072-4012-8429-AA1D5F5347D0}.Ad-Hoc|x64.Deploy.0 = Release|Any CPU
		{42C5D3A1-C072-4012-8429-AA1D5F5347D0}.Ad-Hoc|x86.ActiveCfg = Release|x86
		{42C5D3A1-C072-4012-8429-AA1D5F5347D0}.Ad-Hoc|x86.Build.0 = Release|x86
		{42C5D3A1-C072-4012-8429-AA1D5F5347D0}.Ad-Hoc|x86.Deploy.0 = Release|x86
		{42C5D3A1-C072-4012-8429-AA1D5F5347D0}.AppStore|Any CPU.ActiveCfg = Release|Any CPU
		{42C5D3A1-C072-4012-8429-AA1D5F5347D0}.AppStore|Any CPU.Build.0 = Release|Any CPU
		{42C5D3A1-C072-4012-8429-AA1D5F5347D0}.AppStore|Any CPU.Deploy.0 = Release|Any CPU
		{42C5D3A1-C072-4012-8429-AA1D5F5347D0}.AppStore|ARM.ActiveCfg = Release|ARM
		{42C5D3A1-C072-4012-8429-AA1D5F5347D0}.AppStore|ARM.Build.0 = Release|ARM
		{42C5D3A1-C072-4012-8429-AA1D5F5347D0}.AppStore|ARM.Deploy.0 = Release|ARM
		{42C5D3A1-C072-4012-8429-AA1D5F5347D0}.AppStore|iPhone.ActiveCfg = Release|Any CPU
		{42C5D3A1-C072-4012-8429-AA1D5F5347D0}.AppStore|iPhone.Build.0 = Release|Any CPU
		{42C5D3A1-C072-4012-8429-AA1D5F5347D0}.AppStore|iPhone.Deploy.0 = Release|Any CPU
		{42C5D3A1-C072-4012-8429-AA1D5F5347D0}.AppStore|iPhoneSimulator.ActiveCfg = Release|Any CPU
		{42C5D3A1-C072-4012-8429-AA1D5F5347D0}.AppStore|iPhoneSimulator.Build.0 = Release|Any CPU
		{42C5D3A1-C072-4012-8429-AA1D5F5347D0}.AppStore|iPhoneSimulator.Deploy.0 = Release|Any CPU
		{42C5D3A1-C072-4012-8429-AA1D5F5347D0}.AppStore|x64.ActiveCfg = Release|Any CPU
		{42C5D3A1-C072-4012-8429-AA1D5F5347D0}.AppStore|x64.Build.0 = Release|Any CPU
		{42C5D3A1-C072-4012-8429-AA1D5F5347D0}.AppStore|x64.Deploy.0 = Release|Any CPU
		{42C5D3A1-C072-4012-8429-AA1D5F5347D0}.AppStore|x86.ActiveCfg = Release|x86
		{42C5D3A1-C072-4012-8429-AA1D5F5347D0}.AppStore|x86.Build.0 = Release|x86
		{42C5D3A1-C072-4012-8429-AA1D5F5347D0}.AppStore|x86.Deploy.0 = Release|x86
		{42C5D3A1-C072-4012-8429-AA1D5F5347D0}.Debug|Any CPU.ActiveCfg = Debug|Any CPU
		{42C5D3A1-C072-4012-8429-AA1D5F5347D0}.Debug|Any CPU.Build.0 = Debug|Any CPU
		{42C5D3A1-C072-4012-8429-AA1D5F5347D0}.Debug|Any CPU.Deploy.0 = Debug|Any CPU
		{42C5D3A1-C072-4012-8429-AA1D5F5347D0}.Debug|ARM.ActiveCfg = Debug|ARM
		{42C5D3A1-C072-4012-8429-AA1D5F5347D0}.Debug|ARM.Build.0 = Debug|ARM
		{42C5D3A1-C072-4012-8429-AA1D5F5347D0}.Debug|ARM.Deploy.0 = Debug|ARM
		{42C5D3A1-C072-4012-8429-AA1D5F5347D0}.Debug|iPhone.ActiveCfg = Debug|Any CPU
		{42C5D3A1-C072-4012-8429-AA1D5F5347D0}.Debug|iPhone.Build.0 = Debug|Any CPU
		{42C5D3A1-C072-4012-8429-AA1D5F5347D0}.Debug|iPhone.Deploy.0 = Debug|Any CPU
		{42C5D3A1-C072-4012-8429-AA1D5F5347D0}.Debug|iPhoneSimulator.ActiveCfg = Debug|Any CPU
		{42C5D3A1-C072-4012-8429-AA1D5F5347D0}.Debug|iPhoneSimulator.Build.0 = Debug|Any CPU
		{42C5D3A1-C072-4012-8429-AA1D5F5347D0}.Debug|iPhoneSimulator.Deploy.0 = Debug|Any CPU
		{42C5D3A1-C072-4012-8429-AA1D5F5347D0}.Debug|x64.ActiveCfg = Debug|Any CPU
		{42C5D3A1-C072-4012-8429-AA1D5F5347D0}.Debug|x64.Build.0 = Debug|Any CPU
		{42C5D3A1-C072-4012-8429-AA1D5F5347D0}.Debug|x64.Deploy.0 = Debug|Any CPU
		{42C5D3A1-C072-4012-8429-AA1D5F5347D0}.Debug|x86.ActiveCfg = Debug|x86
		{42C5D3A1-C072-4012-8429-AA1D5F5347D0}.Debug|x86.Build.0 = Debug|x86
		{42C5D3A1-C072-4012-8429-AA1D5F5347D0}.Debug|x86.Deploy.0 = Debug|x86
		{42C5D3A1-C072-4012-8429-AA1D5F5347D0}.Release|Any CPU.ActiveCfg = Release|Any CPU
		{42C5D3A1-C072-4012-8429-AA1D5F5347D0}.Release|Any CPU.Build.0 = Release|Any CPU
		{42C5D3A1-C072-4012-8429-AA1D5F5347D0}.Release|Any CPU.Deploy.0 = Release|Any CPU
		{42C5D3A1-C072-4012-8429-AA1D5F5347D0}.Release|ARM.ActiveCfg = Release|ARM
		{42C5D3A1-C072-4012-8429-AA1D5F5347D0}.Release|ARM.Build.0 = Release|ARM
		{42C5D3A1-C072-4012-8429-AA1D5F5347D0}.Release|ARM.Deploy.0 = Release|ARM
		{42C5D3A1-C072-4012-8429-AA1D5F5347D0}.Release|iPhone.ActiveCfg = Release|Any CPU
		{42C5D3A1-C072-4012-8429-AA1D5F5347D0}.Release|iPhone.Build.0 = Release|Any CPU
		{42C5D3A1-C072-4012-8429-AA1D5F5347D0}.Release|iPhone.Deploy.0 = Release|Any CPU
		{42C5D3A1-C072-4012-8429-AA1D5F5347D0}.Release|iPhoneSimulator.ActiveCfg = Release|Any CPU
		{42C5D3A1-C072-4012-8429-AA1D5F5347D0}.Release|iPhoneSimulator.Build.0 = Release|Any CPU
		{42C5D3A1-C072-4012-8429-AA1D5F5347D0}.Release|iPhoneSimulator.Deploy.0 = Release|Any CPU
		{42C5D3A1-C072-4012-8429-AA1D5F5347D0}.Release|x64.ActiveCfg = Release|Any CPU
		{42C5D3A1-C072-4012-8429-AA1D5F5347D0}.Release|x64.Build.0 = Release|Any CPU
		{42C5D3A1-C072-4012-8429-AA1D5F5347D0}.Release|x64.Deploy.0 = Release|Any CPU
		{42C5D3A1-C072-4012-8429-AA1D5F5347D0}.Release|x86.ActiveCfg = Release|x86
		{42C5D3A1-C072-4012-8429-AA1D5F5347D0}.Release|x86.Build.0 = Release|x86
		{42C5D3A1-C072-4012-8429-AA1D5F5347D0}.Release|x86.Deploy.0 = Release|x86
		{55115F61-8E0F-4A64-BA59-D4FBF2136A37}.Ad-Hoc|Any CPU.ActiveCfg = Release|x86
		{55115F61-8E0F-4A64-BA59-D4FBF2136A37}.Ad-Hoc|Any CPU.Build.0 = Release|x86
		{55115F61-8E0F-4A64-BA59-D4FBF2136A37}.Ad-Hoc|Any CPU.Deploy.0 = Release|x86
		{55115F61-8E0F-4A64-BA59-D4FBF2136A37}.Ad-Hoc|ARM.ActiveCfg = Release|ARM
		{55115F61-8E0F-4A64-BA59-D4FBF2136A37}.Ad-Hoc|ARM.Build.0 = Release|ARM
		{55115F61-8E0F-4A64-BA59-D4FBF2136A37}.Ad-Hoc|ARM.Deploy.0 = Release|ARM
		{55115F61-8E0F-4A64-BA59-D4FBF2136A37}.Ad-Hoc|iPhone.ActiveCfg = Release|x86
		{55115F61-8E0F-4A64-BA59-D4FBF2136A37}.Ad-Hoc|iPhone.Build.0 = Release|x86
		{55115F61-8E0F-4A64-BA59-D4FBF2136A37}.Ad-Hoc|iPhone.Deploy.0 = Release|x86
		{55115F61-8E0F-4A64-BA59-D4FBF2136A37}.Ad-Hoc|iPhoneSimulator.ActiveCfg = Release|x86
		{55115F61-8E0F-4A64-BA59-D4FBF2136A37}.Ad-Hoc|iPhoneSimulator.Build.0 = Release|x86
		{55115F61-8E0F-4A64-BA59-D4FBF2136A37}.Ad-Hoc|iPhoneSimulator.Deploy.0 = Release|x86
		{55115F61-8E0F-4A64-BA59-D4FBF2136A37}.Ad-Hoc|x64.ActiveCfg = Release|x64
		{55115F61-8E0F-4A64-BA59-D4FBF2136A37}.Ad-Hoc|x64.Build.0 = Release|x64
		{55115F61-8E0F-4A64-BA59-D4FBF2136A37}.Ad-Hoc|x64.Deploy.0 = Release|x64
		{55115F61-8E0F-4A64-BA59-D4FBF2136A37}.Ad-Hoc|x86.ActiveCfg = Release|x86
		{55115F61-8E0F-4A64-BA59-D4FBF2136A37}.Ad-Hoc|x86.Build.0 = Release|x86
		{55115F61-8E0F-4A64-BA59-D4FBF2136A37}.Ad-Hoc|x86.Deploy.0 = Release|x86
		{55115F61-8E0F-4A64-BA59-D4FBF2136A37}.AppStore|Any CPU.ActiveCfg = Release|x86
		{55115F61-8E0F-4A64-BA59-D4FBF2136A37}.AppStore|Any CPU.Build.0 = Release|x86
		{55115F61-8E0F-4A64-BA59-D4FBF2136A37}.AppStore|Any CPU.Deploy.0 = Release|x86
		{55115F61-8E0F-4A64-BA59-D4FBF2136A37}.AppStore|ARM.ActiveCfg = Release|ARM
		{55115F61-8E0F-4A64-BA59-D4FBF2136A37}.AppStore|ARM.Build.0 = Release|ARM
		{55115F61-8E0F-4A64-BA59-D4FBF2136A37}.AppStore|ARM.Deploy.0 = Release|ARM
		{55115F61-8E0F-4A64-BA59-D4FBF2136A37}.AppStore|iPhone.ActiveCfg = Release|x86
		{55115F61-8E0F-4A64-BA59-D4FBF2136A37}.AppStore|iPhone.Build.0 = Release|x86
		{55115F61-8E0F-4A64-BA59-D4FBF2136A37}.AppStore|iPhone.Deploy.0 = Release|x86
		{55115F61-8E0F-4A64-BA59-D4FBF2136A37}.AppStore|iPhoneSimulator.ActiveCfg = Release|x86
		{55115F61-8E0F-4A64-BA59-D4FBF2136A37}.AppStore|iPhoneSimulator.Build.0 = Release|x86
		{55115F61-8E0F-4A64-BA59-D4FBF2136A37}.AppStore|iPhoneSimulator.Deploy.0 = Release|x86
		{55115F61-8E0F-4A64-BA59-D4FBF2136A37}.AppStore|x64.ActiveCfg = Release|x64
		{55115F61-8E0F-4A64-BA59-D4FBF2136A37}.AppStore|x64.Build.0 = Release|x64
		{55115F61-8E0F-4A64-BA59-D4FBF2136A37}.AppStore|x64.Deploy.0 = Release|x64
		{55115F61-8E0F-4A64-BA59-D4FBF2136A37}.AppStore|x86.ActiveCfg = Release|x86
		{55115F61-8E0F-4A64-BA59-D4FBF2136A37}.AppStore|x86.Build.0 = Release|x86
		{55115F61-8E0F-4A64-BA59-D4FBF2136A37}.AppStore|x86.Deploy.0 = Release|x86
		{55115F61-8E0F-4A64-BA59-D4FBF2136A37}.Debug|Any CPU.ActiveCfg = Debug|x86
		{55115F61-8E0F-4A64-BA59-D4FBF2136A37}.Debug|ARM.ActiveCfg = Debug|ARM
		{55115F61-8E0F-4A64-BA59-D4FBF2136A37}.Debug|ARM.Build.0 = Debug|ARM
		{55115F61-8E0F-4A64-BA59-D4FBF2136A37}.Debug|ARM.Deploy.0 = Debug|ARM
		{55115F61-8E0F-4A64-BA59-D4FBF2136A37}.Debug|iPhone.ActiveCfg = Debug|x86
		{55115F61-8E0F-4A64-BA59-D4FBF2136A37}.Debug|iPhoneSimulator.ActiveCfg = Debug|x86
		{55115F61-8E0F-4A64-BA59-D4FBF2136A37}.Debug|x64.ActiveCfg = Debug|x64
		{55115F61-8E0F-4A64-BA59-D4FBF2136A37}.Debug|x64.Build.0 = Debug|x64
		{55115F61-8E0F-4A64-BA59-D4FBF2136A37}.Debug|x64.Deploy.0 = Debug|x64
		{55115F61-8E0F-4A64-BA59-D4FBF2136A37}.Debug|x86.ActiveCfg = Debug|x86
		{55115F61-8E0F-4A64-BA59-D4FBF2136A37}.Debug|x86.Build.0 = Debug|x86
		{55115F61-8E0F-4A64-BA59-D4FBF2136A37}.Debug|x86.Deploy.0 = Debug|x86
		{55115F61-8E0F-4A64-BA59-D4FBF2136A37}.Release|Any CPU.ActiveCfg = Release|x86
		{55115F61-8E0F-4A64-BA59-D4FBF2136A37}.Release|ARM.ActiveCfg = Release|ARM
		{55115F61-8E0F-4A64-BA59-D4FBF2136A37}.Release|ARM.Build.0 = Release|ARM
		{55115F61-8E0F-4A64-BA59-D4FBF2136A37}.Release|ARM.Deploy.0 = Release|ARM
		{55115F61-8E0F-4A64-BA59-D4FBF2136A37}.Release|iPhone.ActiveCfg = Release|x86
		{55115F61-8E0F-4A64-BA59-D4FBF2136A37}.Release|iPhoneSimulator.ActiveCfg = Release|x86
		{55115F61-8E0F-4A64-BA59-D4FBF2136A37}.Release|x64.ActiveCfg = Release|x64
		{55115F61-8E0F-4A64-BA59-D4FBF2136A37}.Release|x64.Build.0 = Release|x64
		{55115F61-8E0F-4A64-BA59-D4FBF2136A37}.Release|x64.Deploy.0 = Release|x64
		{55115F61-8E0F-4A64-BA59-D4FBF2136A37}.Release|x86.ActiveCfg = Release|x86
		{55115F61-8E0F-4A64-BA59-D4FBF2136A37}.Release|x86.Build.0 = Release|x86
		{55115F61-8E0F-4A64-BA59-D4FBF2136A37}.Release|x86.Deploy.0 = Release|x86
		{85A6919E-317B-474A-A191-C45CFF4475C0}.Ad-Hoc|Any CPU.ActiveCfg = Release|Any CPU
		{85A6919E-317B-474A-A191-C45CFF4475C0}.Ad-Hoc|Any CPU.Build.0 = Release|Any CPU
		{85A6919E-317B-474A-A191-C45CFF4475C0}.Ad-Hoc|Any CPU.Deploy.0 = Release|Any CPU
		{85A6919E-317B-474A-A191-C45CFF4475C0}.Ad-Hoc|ARM.ActiveCfg = Release|ARM
		{85A6919E-317B-474A-A191-C45CFF4475C0}.Ad-Hoc|ARM.Build.0 = Release|ARM
		{85A6919E-317B-474A-A191-C45CFF4475C0}.Ad-Hoc|ARM.Deploy.0 = Release|ARM
		{85A6919E-317B-474A-A191-C45CFF4475C0}.Ad-Hoc|iPhone.ActiveCfg = Release|Any CPU
		{85A6919E-317B-474A-A191-C45CFF4475C0}.Ad-Hoc|iPhone.Build.0 = Release|Any CPU
		{85A6919E-317B-474A-A191-C45CFF4475C0}.Ad-Hoc|iPhone.Deploy.0 = Release|Any CPU
		{85A6919E-317B-474A-A191-C45CFF4475C0}.Ad-Hoc|iPhoneSimulator.ActiveCfg = Release|Any CPU
		{85A6919E-317B-474A-A191-C45CFF4475C0}.Ad-Hoc|iPhoneSimulator.Build.0 = Release|Any CPU
		{85A6919E-317B-474A-A191-C45CFF4475C0}.Ad-Hoc|iPhoneSimulator.Deploy.0 = Release|Any CPU
		{85A6919E-317B-474A-A191-C45CFF4475C0}.Ad-Hoc|x64.ActiveCfg = Release|x64
		{85A6919E-317B-474A-A191-C45CFF4475C0}.Ad-Hoc|x64.Build.0 = Release|x64
		{85A6919E-317B-474A-A191-C45CFF4475C0}.Ad-Hoc|x64.Deploy.0 = Release|x64
		{85A6919E-317B-474A-A191-C45CFF4475C0}.Ad-Hoc|x86.ActiveCfg = Release|x86
		{85A6919E-317B-474A-A191-C45CFF4475C0}.Ad-Hoc|x86.Build.0 = Release|x86
		{85A6919E-317B-474A-A191-C45CFF4475C0}.Ad-Hoc|x86.Deploy.0 = Release|x86
		{85A6919E-317B-474A-A191-C45CFF4475C0}.AppStore|Any CPU.ActiveCfg = Release|Any CPU
		{85A6919E-317B-474A-A191-C45CFF4475C0}.AppStore|Any CPU.Build.0 = Release|Any CPU
		{85A6919E-317B-474A-A191-C45CFF4475C0}.AppStore|Any CPU.Deploy.0 = Release|Any CPU
		{85A6919E-317B-474A-A191-C45CFF4475C0}.AppStore|ARM.ActiveCfg = Release|ARM
		{85A6919E-317B-474A-A191-C45CFF4475C0}.AppStore|ARM.Build.0 = Release|ARM
		{85A6919E-317B-474A-A191-C45CFF4475C0}.AppStore|ARM.Deploy.0 = Release|ARM
		{85A6919E-317B-474A-A191-C45CFF4475C0}.AppStore|iPhone.ActiveCfg = Release|Any CPU
		{85A6919E-317B-474A-A191-C45CFF4475C0}.AppStore|iPhone.Build.0 = Release|Any CPU
		{85A6919E-317B-474A-A191-C45CFF4475C0}.AppStore|iPhone.Deploy.0 = Release|Any CPU
		{85A6919E-317B-474A-A191-C45CFF4475C0}.AppStore|iPhoneSimulator.ActiveCfg = Release|Any CPU
		{85A6919E-317B-474A-A191-C45CFF4475C0}.AppStore|iPhoneSimulator.Build.0 = Release|Any CPU
		{85A6919E-317B-474A-A191-C45CFF4475C0}.AppStore|iPhoneSimulator.Deploy.0 = Release|Any CPU
		{85A6919E-317B-474A-A191-C45CFF4475C0}.AppStore|x64.ActiveCfg = Release|x64
		{85A6919E-317B-474A-A191-C45CFF4475C0}.AppStore|x64.Build.0 = Release|x64
		{85A6919E-317B-474A-A191-C45CFF4475C0}.AppStore|x64.Deploy.0 = Release|x64
		{85A6919E-317B-474A-A191-C45CFF4475C0}.AppStore|x86.ActiveCfg = Release|x86
		{85A6919E-317B-474A-A191-C45CFF4475C0}.AppStore|x86.Build.0 = Release|x86
		{85A6919E-317B-474A-A191-C45CFF4475C0}.AppStore|x86.Deploy.0 = Release|x86
		{85A6919E-317B-474A-A191-C45CFF4475C0}.Debug|Any CPU.ActiveCfg = Debug|Any CPU
		{85A6919E-317B-474A-A191-C45CFF4475C0}.Debug|Any CPU.Build.0 = Debug|Any CPU
		{85A6919E-317B-474A-A191-C45CFF4475C0}.Debug|Any CPU.Deploy.0 = Debug|Any CPU
		{85A6919E-317B-474A-A191-C45CFF4475C0}.Debug|ARM.ActiveCfg = Debug|ARM
		{85A6919E-317B-474A-A191-C45CFF4475C0}.Debug|ARM.Build.0 = Debug|ARM
		{85A6919E-317B-474A-A191-C45CFF4475C0}.Debug|ARM.Deploy.0 = Debug|ARM
		{85A6919E-317B-474A-A191-C45CFF4475C0}.Debug|iPhone.ActiveCfg = Debug|Any CPU
		{85A6919E-317B-474A-A191-C45CFF4475C0}.Debug|iPhone.Build.0 = Debug|Any CPU
		{85A6919E-317B-474A-A191-C45CFF4475C0}.Debug|iPhone.Deploy.0 = Debug|Any CPU
		{85A6919E-317B-474A-A191-C45CFF4475C0}.Debug|iPhoneSimulator.ActiveCfg = Debug|Any CPU
		{85A6919E-317B-474A-A191-C45CFF4475C0}.Debug|iPhoneSimulator.Build.0 = Debug|Any CPU
		{85A6919E-317B-474A-A191-C45CFF4475C0}.Debug|iPhoneSimulator.Deploy.0 = Debug|Any CPU
		{85A6919E-317B-474A-A191-C45CFF4475C0}.Debug|x64.ActiveCfg = Debug|x64
		{85A6919E-317B-474A-A191-C45CFF4475C0}.Debug|x64.Build.0 = Debug|x64
		{85A6919E-317B-474A-A191-C45CFF4475C0}.Debug|x64.Deploy.0 = Debug|x64
		{85A6919E-317B-474A-A191-C45CFF4475C0}.Debug|x86.ActiveCfg = Debug|x86
		{85A6919E-317B-474A-A191-C45CFF4475C0}.Debug|x86.Build.0 = Debug|x86
		{85A6919E-317B-474A-A191-C45CFF4475C0}.Debug|x86.Deploy.0 = Debug|x86
		{85A6919E-317B-474A-A191-C45CFF4475C0}.Release|Any CPU.ActiveCfg = Release|Any CPU
		{85A6919E-317B-474A-A191-C45CFF4475C0}.Release|Any CPU.Build.0 = Release|Any CPU
		{85A6919E-317B-474A-A191-C45CFF4475C0}.Release|Any CPU.Deploy.0 = Release|Any CPU
		{85A6919E-317B-474A-A191-C45CFF4475C0}.Release|ARM.ActiveCfg = Release|ARM
		{85A6919E-317B-474A-A191-C45CFF4475C0}.Release|ARM.Build.0 = Release|ARM
		{85A6919E-317B-474A-A191-C45CFF4475C0}.Release|ARM.Deploy.0 = Release|ARM
		{85A6919E-317B-474A-A191-C45CFF4475C0}.Release|iPhone.ActiveCfg = Release|Any CPU
		{85A6919E-317B-474A-A191-C45CFF4475C0}.Release|iPhone.Build.0 = Release|Any CPU
		{85A6919E-317B-474A-A191-C45CFF4475C0}.Release|iPhone.Deploy.0 = Release|Any CPU
		{85A6919E-317B-474A-A191-C45CFF4475C0}.Release|iPhoneSimulator.ActiveCfg = Release|Any CPU
		{85A6919E-317B-474A-A191-C45CFF4475C0}.Release|iPhoneSimulator.Build.0 = Release|Any CPU
		{85A6919E-317B-474A-A191-C45CFF4475C0}.Release|iPhoneSimulator.Deploy.0 = Release|Any CPU
		{85A6919E-317B-474A-A191-C45CFF4475C0}.Release|x64.ActiveCfg = Release|x64
		{85A6919E-317B-474A-A191-C45CFF4475C0}.Release|x64.Build.0 = Release|x64
		{85A6919E-317B-474A-A191-C45CFF4475C0}.Release|x64.Deploy.0 = Release|x64
		{85A6919E-317B-474A-A191-C45CFF4475C0}.Release|x86.ActiveCfg = Release|x86
		{85A6919E-317B-474A-A191-C45CFF4475C0}.Release|x86.Build.0 = Release|x86
		{85A6919E-317B-474A-A191-C45CFF4475C0}.Release|x86.Deploy.0 = Release|x86
	EndGlobalSection
	GlobalSection(SolutionProperties) = preSolution
		HideSolutionNode = FALSE
	EndGlobalSection
EndGlobal
